// !$*UTF8*$!
{
	archiveVersion = 1;
	classes = {
	};
	objectVersion = 55;
	objects = {

/* Begin PBXBuildFile section */
		1B4449D828E9730D002CE6B5 /* LaunchInfoContentPresenterInteractorInterface.swift in Sources */ = {isa = PBXBuildFile; fileRef = 1B4449C928E9730D002CE6B5 /* LaunchInfoContentPresenterInteractorInterface.swift */; };
		1B4449D928E9730D002CE6B5 /* LaunchInfoContentPresenterViewInterface.swift in Sources */ = {isa = PBXBuildFile; fileRef = 1B4449CA28E9730D002CE6B5 /* LaunchInfoContentPresenterViewInterface.swift */; };
		1B4449DA28E9730D002CE6B5 /* LaunchInfoContentPresenter.swift in Sources */ = {isa = PBXBuildFile; fileRef = 1B4449CB28E9730D002CE6B5 /* LaunchInfoContentPresenter.swift */; };
		1B4449DB28E9730D002CE6B5 /* LaunchInfoContentPresenterRouterInterface.swift in Sources */ = {isa = PBXBuildFile; fileRef = 1B4449CC28E9730D002CE6B5 /* LaunchInfoContentPresenterRouterInterface.swift */; };
		1B4449DC28E9730D002CE6B5 /* LaunchInfoContentView.swift in Sources */ = {isa = PBXBuildFile; fileRef = 1B4449CE28E9730D002CE6B5 /* LaunchInfoContentView.swift */; };
		1B4449DD28E9730D002CE6B5 /* LaunchInfoContentViewInterface.swift in Sources */ = {isa = PBXBuildFile; fileRef = 1B4449CF28E9730D002CE6B5 /* LaunchInfoContentViewInterface.swift */; };
		1B4449DE28E9730D002CE6B5 /* LaunchInfoContentInteractor.swift in Sources */ = {isa = PBXBuildFile; fileRef = 1B4449D128E9730D002CE6B5 /* LaunchInfoContentInteractor.swift */; };
		1B4449DF28E9730D002CE6B5 /* LaunchInfoContentInteractorInterface.swift in Sources */ = {isa = PBXBuildFile; fileRef = 1B4449D228E9730D002CE6B5 /* LaunchInfoContentInteractorInterface.swift */; };
		1B4449E028E9730D002CE6B5 /* LaunchInfoContentModule.swift in Sources */ = {isa = PBXBuildFile; fileRef = 1B4449D328E9730D002CE6B5 /* LaunchInfoContentModule.swift */; };
		1B4449E128E9730D002CE6B5 /* LaunchInfoContentRouterInterface.swift in Sources */ = {isa = PBXBuildFile; fileRef = 1B4449D528E9730D002CE6B5 /* LaunchInfoContentRouterInterface.swift */; };
		1B4449E228E9730D002CE6B5 /* LaunchInfoContentRouter.swift in Sources */ = {isa = PBXBuildFile; fileRef = 1B4449D628E9730D002CE6B5 /* LaunchInfoContentRouter.swift */; };
		1B4449E428E975CD002CE6B5 /* Extensions.swift in Sources */ = {isa = PBXBuildFile; fileRef = 1B4449E328E975CD002CE6B5 /* Extensions.swift */; };
		1B4449F828E988AD002CE6B5 /* LaunchDetailsInfoPresenterViewInterface.swift in Sources */ = {isa = PBXBuildFile; fileRef = 1B4449E928E988AD002CE6B5 /* LaunchDetailsInfoPresenterViewInterface.swift */; };
		1B4449F928E988AD002CE6B5 /* LaunchDetailsInfoPresenterInteractorInterface.swift in Sources */ = {isa = PBXBuildFile; fileRef = 1B4449EA28E988AD002CE6B5 /* LaunchDetailsInfoPresenterInteractorInterface.swift */; };
		1B4449FA28E988AD002CE6B5 /* LaunchDetailsInfoPresenter.swift in Sources */ = {isa = PBXBuildFile; fileRef = 1B4449EB28E988AD002CE6B5 /* LaunchDetailsInfoPresenter.swift */; };
		1B4449FB28E988AD002CE6B5 /* LaunchDetailsInfoPresenterRouterInterface.swift in Sources */ = {isa = PBXBuildFile; fileRef = 1B4449EC28E988AD002CE6B5 /* LaunchDetailsInfoPresenterRouterInterface.swift */; };
		1B4449FC28E988AD002CE6B5 /* LaunchDetailsInfoModule.swift in Sources */ = {isa = PBXBuildFile; fileRef = 1B4449ED28E988AD002CE6B5 /* LaunchDetailsInfoModule.swift */; };
		1B4449FD28E988AD002CE6B5 /* LaunchDetailsInfoViewInterface.swift in Sources */ = {isa = PBXBuildFile; fileRef = 1B4449EF28E988AD002CE6B5 /* LaunchDetailsInfoViewInterface.swift */; };
		1B4449FE28E988AD002CE6B5 /* LaunchDetailsInfoView.swift in Sources */ = {isa = PBXBuildFile; fileRef = 1B4449F028E988AD002CE6B5 /* LaunchDetailsInfoView.swift */; };
		1B4449FF28E988AD002CE6B5 /* LaunchDetailsInfoInteractorInterface.swift in Sources */ = {isa = PBXBuildFile; fileRef = 1B4449F228E988AD002CE6B5 /* LaunchDetailsInfoInteractorInterface.swift */; };
		1B444A0028E988AD002CE6B5 /* LaunchDetailsInfoInteractor.swift in Sources */ = {isa = PBXBuildFile; fileRef = 1B4449F328E988AD002CE6B5 /* LaunchDetailsInfoInteractor.swift */; };
		1B444A0128E988AD002CE6B5 /* LaunchDetailsInfoRouter.swift in Sources */ = {isa = PBXBuildFile; fileRef = 1B4449F528E988AD002CE6B5 /* LaunchDetailsInfoRouter.swift */; };
		1B444A0228E988AD002CE6B5 /* LaunchDetailsInfoRouterInterface.swift in Sources */ = {isa = PBXBuildFile; fileRef = 1B4449F628E988AD002CE6B5 /* LaunchDetailsInfoRouterInterface.swift */; };
		1B444A0428E9B913002CE6B5 /* BottomSheetContainerViewController.swift in Sources */ = {isa = PBXBuildFile; fileRef = 1B444A0328E9B913002CE6B5 /* BottomSheetContainerViewController.swift */; };
		1B5A06B328D89AF700F2AC37 /* LaunchesModule.swift in Sources */ = {isa = PBXBuildFile; fileRef = 1B5A06A228D89AF700F2AC37 /* LaunchesModule.swift */; };
		1B5A06B528D89AF700F2AC37 /* LaunchesPresenterViewInterface.swift in Sources */ = {isa = PBXBuildFile; fileRef = 1B5A06A628D89AF700F2AC37 /* LaunchesPresenterViewInterface.swift */; };
		1B5A06B628D89AF700F2AC37 /* LaunchesPresenter.swift in Sources */ = {isa = PBXBuildFile; fileRef = 1B5A06A728D89AF700F2AC37 /* LaunchesPresenter.swift */; };
		1B5A06B728D89AF700F2AC37 /* LaunchesPresenterInteractorInterface.swift in Sources */ = {isa = PBXBuildFile; fileRef = 1B5A06A828D89AF700F2AC37 /* LaunchesPresenterInteractorInterface.swift */; };
		1B5A06B828D89AF700F2AC37 /* LaunchesPresenterRouterInterface.swift in Sources */ = {isa = PBXBuildFile; fileRef = 1B5A06A928D89AF700F2AC37 /* LaunchesPresenterRouterInterface.swift */; };
		1B5A06B928D89AF700F2AC37 /* LaunchesView.swift in Sources */ = {isa = PBXBuildFile; fileRef = 1B5A06AB28D89AF700F2AC37 /* LaunchesView.swift */; };
		1B5A06BA28D89AF700F2AC37 /* LaunchesViewInterface.swift in Sources */ = {isa = PBXBuildFile; fileRef = 1B5A06AC28D89AF700F2AC37 /* LaunchesViewInterface.swift */; };
		1B5A06BB28D89AF700F2AC37 /* LaunchesInteractorInterface.swift in Sources */ = {isa = PBXBuildFile; fileRef = 1B5A06AE28D89AF700F2AC37 /* LaunchesInteractorInterface.swift */; };
		1B5A06BC28D89AF700F2AC37 /* LaunchesInteractor.swift in Sources */ = {isa = PBXBuildFile; fileRef = 1B5A06AF28D89AF700F2AC37 /* LaunchesInteractor.swift */; };
		1B5A06BD28D89AF700F2AC37 /* LaunchesRouter.swift in Sources */ = {isa = PBXBuildFile; fileRef = 1B5A06B128D89AF700F2AC37 /* LaunchesRouter.swift */; };
		1B5A06BE28D89AF700F2AC37 /* LaunchesRouterInterface.swift in Sources */ = {isa = PBXBuildFile; fileRef = 1B5A06B228D89AF700F2AC37 /* LaunchesRouterInterface.swift */; };
		1B5A06C228D8A5AE00F2AC37 /* TabBarController.swift in Sources */ = {isa = PBXBuildFile; fileRef = 1B5A06C128D8A5AE00F2AC37 /* TabBarController.swift */; };
		1B5A06D528D8A7A400F2AC37 /* BookmarksEntity.swift in Sources */ = {isa = PBXBuildFile; fileRef = 1B5A06C528D8A7A400F2AC37 /* BookmarksEntity.swift */; };
		1B5A06D628D8A7A400F2AC37 /* BookmarksPresenterViewInterface.swift in Sources */ = {isa = PBXBuildFile; fileRef = 1B5A06C728D8A7A400F2AC37 /* BookmarksPresenterViewInterface.swift */; };
		1B5A06D728D8A7A400F2AC37 /* BookmarksPresenter.swift in Sources */ = {isa = PBXBuildFile; fileRef = 1B5A06C828D8A7A400F2AC37 /* BookmarksPresenter.swift */; };
		1B5A06D828D8A7A400F2AC37 /* BookmarksPresenterRouterInterface.swift in Sources */ = {isa = PBXBuildFile; fileRef = 1B5A06C928D8A7A400F2AC37 /* BookmarksPresenterRouterInterface.swift */; };
		1B5A06D928D8A7A400F2AC37 /* BookmarksPresenterInteractorInterface.swift in Sources */ = {isa = PBXBuildFile; fileRef = 1B5A06CA28D8A7A400F2AC37 /* BookmarksPresenterInteractorInterface.swift */; };
		1B5A06DA28D8A7A400F2AC37 /* BookmarksViewInterface.swift in Sources */ = {isa = PBXBuildFile; fileRef = 1B5A06CC28D8A7A400F2AC37 /* BookmarksViewInterface.swift */; };
		1B5A06DB28D8A7A400F2AC37 /* BookmarksView.swift in Sources */ = {isa = PBXBuildFile; fileRef = 1B5A06CD28D8A7A400F2AC37 /* BookmarksView.swift */; };
		1B5A06DC28D8A7A400F2AC37 /* BookmarksInteractorInterface.swift in Sources */ = {isa = PBXBuildFile; fileRef = 1B5A06CF28D8A7A400F2AC37 /* BookmarksInteractorInterface.swift */; };
		1B5A06DD28D8A7A400F2AC37 /* BookmarksInteractor.swift in Sources */ = {isa = PBXBuildFile; fileRef = 1B5A06D028D8A7A400F2AC37 /* BookmarksInteractor.swift */; };
		1B5A06DE28D8A7A400F2AC37 /* BookmarksModule.swift in Sources */ = {isa = PBXBuildFile; fileRef = 1B5A06D128D8A7A400F2AC37 /* BookmarksModule.swift */; };
		1B5A06DF28D8A7A400F2AC37 /* BookmarksRouter.swift in Sources */ = {isa = PBXBuildFile; fileRef = 1B5A06D328D8A7A400F2AC37 /* BookmarksRouter.swift */; };
		1B5A06E028D8A7A400F2AC37 /* BookmarksRouterInterface.swift in Sources */ = {isa = PBXBuildFile; fileRef = 1B5A06D428D8A7A400F2AC37 /* BookmarksRouterInterface.swift */; };
		1B5C006228E574E0005CFF46 /* CoreDataManagerProtocol.swift in Sources */ = {isa = PBXBuildFile; fileRef = 1B5C006128E574E0005CFF46 /* CoreDataManagerProtocol.swift */; };
		1B5C006428E589B5005CFF46 /* CoreDataLaunch.swift in Sources */ = {isa = PBXBuildFile; fileRef = 1B5C006328E589B5005CFF46 /* CoreDataLaunch.swift */; };
		1B5C006628E58AD7005CFF46 /* CoreDataManager.swift in Sources */ = {isa = PBXBuildFile; fileRef = 1B5C006528E58AD7005CFF46 /* CoreDataManager.swift */; };
		1BB5E74128D9A53B0047BF21 /* LaunchCell.xib in Resources */ = {isa = PBXBuildFile; fileRef = 1BB5E73F28D9A53B0047BF21 /* LaunchCell.xib */; };
		1BB5E74428D9B7000047BF21 /* LaunchCell.swift in Sources */ = {isa = PBXBuildFile; fileRef = 1BB5E74328D9B7000047BF21 /* LaunchCell.swift */; };
		1BB5E74628D9BA1F0047BF21 /* LaunchState.swift in Sources */ = {isa = PBXBuildFile; fileRef = 1BB5E74528D9BA1F0047BF21 /* LaunchState.swift */; };
		1BB5E76128DEE4B00047BF21 /* LaunchDetailsModule.swift in Sources */ = {isa = PBXBuildFile; fileRef = 1BB5E75028DEE4B00047BF21 /* LaunchDetailsModule.swift */; };
		1BB5E76228DEE4B10047BF21 /* LaunchDetailsEntity.swift in Sources */ = {isa = PBXBuildFile; fileRef = 1BB5E75228DEE4B00047BF21 /* LaunchDetailsEntity.swift */; };
		1BB5E76328DEE4B10047BF21 /* LaunchDetailsPresenterInteractorInterface.swift in Sources */ = {isa = PBXBuildFile; fileRef = 1BB5E75428DEE4B00047BF21 /* LaunchDetailsPresenterInteractorInterface.swift */; };
		1BB5E76428DEE4B10047BF21 /* LaunchDetailsPresenterViewInterface.swift in Sources */ = {isa = PBXBuildFile; fileRef = 1BB5E75528DEE4B00047BF21 /* LaunchDetailsPresenterViewInterface.swift */; };
		1BB5E76528DEE4B10047BF21 /* LaunchDetailsPresenter.swift in Sources */ = {isa = PBXBuildFile; fileRef = 1BB5E75628DEE4B00047BF21 /* LaunchDetailsPresenter.swift */; };
		1BB5E76628DEE4B10047BF21 /* LaunchDetailsPresenterRouterInterface.swift in Sources */ = {isa = PBXBuildFile; fileRef = 1BB5E75728DEE4B00047BF21 /* LaunchDetailsPresenterRouterInterface.swift */; };
		1BB5E76728DEE4B10047BF21 /* LaunchDetailsView.swift in Sources */ = {isa = PBXBuildFile; fileRef = 1BB5E75928DEE4B00047BF21 /* LaunchDetailsView.swift */; };
		1BB5E76828DEE4B10047BF21 /* LaunchDetailsViewInterface.swift in Sources */ = {isa = PBXBuildFile; fileRef = 1BB5E75A28DEE4B00047BF21 /* LaunchDetailsViewInterface.swift */; };
		1BB5E76928DEE4B10047BF21 /* LaunchDetailsInteractor.swift in Sources */ = {isa = PBXBuildFile; fileRef = 1BB5E75C28DEE4B00047BF21 /* LaunchDetailsInteractor.swift */; };
		1BB5E76A28DEE4B10047BF21 /* LaunchDetailsInteractorInterface.swift in Sources */ = {isa = PBXBuildFile; fileRef = 1BB5E75D28DEE4B00047BF21 /* LaunchDetailsInteractorInterface.swift */; };
		1BB5E76B28DEE4B10047BF21 /* LaunchDetailsRouter.swift in Sources */ = {isa = PBXBuildFile; fileRef = 1BB5E75F28DEE4B00047BF21 /* LaunchDetailsRouter.swift */; };
		1BB5E76C28DEE4B10047BF21 /* LaunchDetailsRouterInterface.swift in Sources */ = {isa = PBXBuildFile; fileRef = 1BB5E76028DEE4B00047BF21 /* LaunchDetailsRouterInterface.swift */; };
		1BDEFA1828D71BE700B887FA /* AppDelegate.swift in Sources */ = {isa = PBXBuildFile; fileRef = 1BDEFA1728D71BE700B887FA /* AppDelegate.swift */; };
		1BDEFA1A28D71BE700B887FA /* SceneDelegate.swift in Sources */ = {isa = PBXBuildFile; fileRef = 1BDEFA1928D71BE700B887FA /* SceneDelegate.swift */; };
		1BDEFA2228D71BE700B887FA /* SpaceXRockets.xcdatamodeld in Sources */ = {isa = PBXBuildFile; fileRef = 1BDEFA2028D71BE700B887FA /* SpaceXRockets.xcdatamodeld */; };
		1BDEFA2428D71BE900B887FA /* Assets.xcassets in Resources */ = {isa = PBXBuildFile; fileRef = 1BDEFA2328D71BE900B887FA /* Assets.xcassets */; };
		1BDEFA2728D71BE900B887FA /* LaunchScreen.storyboard in Resources */ = {isa = PBXBuildFile; fileRef = 1BDEFA2528D71BE900B887FA /* LaunchScreen.storyboard */; };
		1BDEFA3228D71BE900B887FA /* SpaceXRocketsTests.swift in Sources */ = {isa = PBXBuildFile; fileRef = 1BDEFA3128D71BE900B887FA /* SpaceXRocketsTests.swift */; };
		1BDEFA3C28D71BE900B887FA /* SpaceXRocketsUITests.swift in Sources */ = {isa = PBXBuildFile; fileRef = 1BDEFA3B28D71BE900B887FA /* SpaceXRocketsUITests.swift */; };
		1BDEFA3E28D71BE900B887FA /* SpaceXRocketsUITestsLaunchTests.swift in Sources */ = {isa = PBXBuildFile; fileRef = 1BDEFA3D28D71BE900B887FA /* SpaceXRocketsUITestsLaunchTests.swift */; };
		1BDEFA4C28D7242600B887FA /* Interfaces.swift in Sources */ = {isa = PBXBuildFile; fileRef = 1BDEFA4B28D7242600B887FA /* Interfaces.swift */; };
		1BDEFA5028D72F7D00B887FA /* RequestManager.swift in Sources */ = {isa = PBXBuildFile; fileRef = 1BDEFA4F28D72F7D00B887FA /* RequestManager.swift */; };
		1BDEFA5228D72FAF00B887FA /* HTTPMethod.swift in Sources */ = {isa = PBXBuildFile; fileRef = 1BDEFA5128D72FAF00B887FA /* HTTPMethod.swift */; };
		1BDEFA5428D72FD300B887FA /* RequestError.swift in Sources */ = {isa = PBXBuildFile; fileRef = 1BDEFA5328D72FD300B887FA /* RequestError.swift */; };
		1BDEFA5728D772B700B887FA /* ResponseValidator.swift in Sources */ = {isa = PBXBuildFile; fileRef = 1BDEFA5628D772B700B887FA /* ResponseValidator.swift */; };
		1BDEFA5928D772D300B887FA /* ResponseValidatorProtocol.swift in Sources */ = {isa = PBXBuildFile; fileRef = 1BDEFA5828D772D300B887FA /* ResponseValidatorProtocol.swift */; };
		1BDEFA5B28D8623500B887FA /* RequestManagerProtocol.swift in Sources */ = {isa = PBXBuildFile; fileRef = 1BDEFA5A28D8623500B887FA /* RequestManagerProtocol.swift */; };
		1BDEFA5E28D8642900B887FA /* ResponseLog.swift in Sources */ = {isa = PBXBuildFile; fileRef = 1BDEFA5D28D8642900B887FA /* ResponseLog.swift */; };
		1BDEFA6028D8647200B887FA /* URLRequestLoggableProtocol.swift in Sources */ = {isa = PBXBuildFile; fileRef = 1BDEFA5F28D8647200B887FA /* URLRequestLoggableProtocol.swift */; };
		1BDEFA6428D866A000B887FA /* LaunchService.swift in Sources */ = {isa = PBXBuildFile; fileRef = 1BDEFA6328D866A000B887FA /* LaunchService.swift */; };
		1BDEFA6628D866B700B887FA /* LaunchServiceProtocol.swift in Sources */ = {isa = PBXBuildFile; fileRef = 1BDEFA6528D866B700B887FA /* LaunchServiceProtocol.swift */; };
		1BDEFA6928D8670600B887FA /* LaunchBodyModel.swift in Sources */ = {isa = PBXBuildFile; fileRef = 1BDEFA6828D8670600B887FA /* LaunchBodyModel.swift */; };
		1BDEFA6B28D86D2700B887FA /* Launches.swift in Sources */ = {isa = PBXBuildFile; fileRef = 1BDEFA6A28D86D2700B887FA /* Launches.swift */; };
		6464A6B1E091B4E9FC0FB7F0 /* Pods_SpaceXRockets.framework in Frameworks */ = {isa = PBXBuildFile; fileRef = A949C1B4AA8AF009572FA377 /* Pods_SpaceXRockets.framework */; };
		9501AE910DE1F1F84E4BE36D /* Pods_SpaceXRocketsTests.framework in Frameworks */ = {isa = PBXBuildFile; fileRef = 925E407C6719617FE785BB11 /* Pods_SpaceXRocketsTests.framework */; };
		9904824B3A415DFEBA01BAD9 /* Pods_SpaceXRockets_SpaceXRocketsUITests.framework in Frameworks */ = {isa = PBXBuildFile; fileRef = C290425D7024AED79C35F832 /* Pods_SpaceXRockets_SpaceXRocketsUITests.framework */; };
/* End PBXBuildFile section */

/* Begin PBXContainerItemProxy section */
		1BDEFA2E28D71BE900B887FA /* PBXContainerItemProxy */ = {
			isa = PBXContainerItemProxy;
			containerPortal = 1BDEFA0C28D71BE700B887FA /* Project object */;
			proxyType = 1;
			remoteGlobalIDString = 1BDEFA1328D71BE700B887FA;
			remoteInfo = SpaceXRockets;
		};
		1BDEFA3828D71BE900B887FA /* PBXContainerItemProxy */ = {
			isa = PBXContainerItemProxy;
			containerPortal = 1BDEFA0C28D71BE700B887FA /* Project object */;
			proxyType = 1;
			remoteGlobalIDString = 1BDEFA1328D71BE700B887FA;
			remoteInfo = SpaceXRockets;
		};
/* End PBXContainerItemProxy section */

/* Begin PBXFileReference section */
		0B3B221626C69D0ED558CEE9 /* Pods-SpaceXRockets-SpaceXRocketsUITests.debug.xcconfig */ = {isa = PBXFileReference; includeInIndex = 1; lastKnownFileType = text.xcconfig; name = "Pods-SpaceXRockets-SpaceXRocketsUITests.debug.xcconfig"; path = "Target Support Files/Pods-SpaceXRockets-SpaceXRocketsUITests/Pods-SpaceXRockets-SpaceXRocketsUITests.debug.xcconfig"; sourceTree = "<group>"; };
		0BD036433A44AF9F2C634828 /* Pods-SpaceXRockets.debug.xcconfig */ = {isa = PBXFileReference; includeInIndex = 1; lastKnownFileType = text.xcconfig; name = "Pods-SpaceXRockets.debug.xcconfig"; path = "Target Support Files/Pods-SpaceXRockets/Pods-SpaceXRockets.debug.xcconfig"; sourceTree = "<group>"; };
		0BDCE7946BA70B92ED7A53B4 /* Pods-SpaceXRockets-SpaceXRocketsUITests.release.xcconfig */ = {isa = PBXFileReference; includeInIndex = 1; lastKnownFileType = text.xcconfig; name = "Pods-SpaceXRockets-SpaceXRocketsUITests.release.xcconfig"; path = "Target Support Files/Pods-SpaceXRockets-SpaceXRocketsUITests/Pods-SpaceXRockets-SpaceXRocketsUITests.release.xcconfig"; sourceTree = "<group>"; };
		1B4449C928E9730D002CE6B5 /* LaunchInfoContentPresenterInteractorInterface.swift */ = {isa = PBXFileReference; fileEncoding = 4; lastKnownFileType = sourcecode.swift; path = LaunchInfoContentPresenterInteractorInterface.swift; sourceTree = "<group>"; };
		1B4449CA28E9730D002CE6B5 /* LaunchInfoContentPresenterViewInterface.swift */ = {isa = PBXFileReference; fileEncoding = 4; lastKnownFileType = sourcecode.swift; path = LaunchInfoContentPresenterViewInterface.swift; sourceTree = "<group>"; };
		1B4449CB28E9730D002CE6B5 /* LaunchInfoContentPresenter.swift */ = {isa = PBXFileReference; fileEncoding = 4; lastKnownFileType = sourcecode.swift; path = LaunchInfoContentPresenter.swift; sourceTree = "<group>"; };
		1B4449CC28E9730D002CE6B5 /* LaunchInfoContentPresenterRouterInterface.swift */ = {isa = PBXFileReference; fileEncoding = 4; lastKnownFileType = sourcecode.swift; path = LaunchInfoContentPresenterRouterInterface.swift; sourceTree = "<group>"; };
		1B4449CE28E9730D002CE6B5 /* LaunchInfoContentView.swift */ = {isa = PBXFileReference; fileEncoding = 4; lastKnownFileType = sourcecode.swift; path = LaunchInfoContentView.swift; sourceTree = "<group>"; };
		1B4449CF28E9730D002CE6B5 /* LaunchInfoContentViewInterface.swift */ = {isa = PBXFileReference; fileEncoding = 4; lastKnownFileType = sourcecode.swift; path = LaunchInfoContentViewInterface.swift; sourceTree = "<group>"; };
		1B4449D128E9730D002CE6B5 /* LaunchInfoContentInteractor.swift */ = {isa = PBXFileReference; fileEncoding = 4; lastKnownFileType = sourcecode.swift; path = LaunchInfoContentInteractor.swift; sourceTree = "<group>"; };
		1B4449D228E9730D002CE6B5 /* LaunchInfoContentInteractorInterface.swift */ = {isa = PBXFileReference; fileEncoding = 4; lastKnownFileType = sourcecode.swift; path = LaunchInfoContentInteractorInterface.swift; sourceTree = "<group>"; };
		1B4449D328E9730D002CE6B5 /* LaunchInfoContentModule.swift */ = {isa = PBXFileReference; fileEncoding = 4; lastKnownFileType = sourcecode.swift; path = LaunchInfoContentModule.swift; sourceTree = "<group>"; };
		1B4449D528E9730D002CE6B5 /* LaunchInfoContentRouterInterface.swift */ = {isa = PBXFileReference; fileEncoding = 4; lastKnownFileType = sourcecode.swift; path = LaunchInfoContentRouterInterface.swift; sourceTree = "<group>"; };
		1B4449D628E9730D002CE6B5 /* LaunchInfoContentRouter.swift */ = {isa = PBXFileReference; fileEncoding = 4; lastKnownFileType = sourcecode.swift; path = LaunchInfoContentRouter.swift; sourceTree = "<group>"; };
		1B4449E328E975CD002CE6B5 /* Extensions.swift */ = {isa = PBXFileReference; lastKnownFileType = sourcecode.swift; path = Extensions.swift; sourceTree = "<group>"; };
		1B4449E928E988AD002CE6B5 /* LaunchDetailsInfoPresenterViewInterface.swift */ = {isa = PBXFileReference; fileEncoding = 4; lastKnownFileType = sourcecode.swift; path = LaunchDetailsInfoPresenterViewInterface.swift; sourceTree = "<group>"; };
		1B4449EA28E988AD002CE6B5 /* LaunchDetailsInfoPresenterInteractorInterface.swift */ = {isa = PBXFileReference; fileEncoding = 4; lastKnownFileType = sourcecode.swift; path = LaunchDetailsInfoPresenterInteractorInterface.swift; sourceTree = "<group>"; };
		1B4449EB28E988AD002CE6B5 /* LaunchDetailsInfoPresenter.swift */ = {isa = PBXFileReference; fileEncoding = 4; lastKnownFileType = sourcecode.swift; path = LaunchDetailsInfoPresenter.swift; sourceTree = "<group>"; };
		1B4449EC28E988AD002CE6B5 /* LaunchDetailsInfoPresenterRouterInterface.swift */ = {isa = PBXFileReference; fileEncoding = 4; lastKnownFileType = sourcecode.swift; path = LaunchDetailsInfoPresenterRouterInterface.swift; sourceTree = "<group>"; };
		1B4449ED28E988AD002CE6B5 /* LaunchDetailsInfoModule.swift */ = {isa = PBXFileReference; fileEncoding = 4; lastKnownFileType = sourcecode.swift; path = LaunchDetailsInfoModule.swift; sourceTree = "<group>"; };
		1B4449EF28E988AD002CE6B5 /* LaunchDetailsInfoViewInterface.swift */ = {isa = PBXFileReference; fileEncoding = 4; lastKnownFileType = sourcecode.swift; path = LaunchDetailsInfoViewInterface.swift; sourceTree = "<group>"; };
		1B4449F028E988AD002CE6B5 /* LaunchDetailsInfoView.swift */ = {isa = PBXFileReference; fileEncoding = 4; lastKnownFileType = sourcecode.swift; path = LaunchDetailsInfoView.swift; sourceTree = "<group>"; };
		1B4449F228E988AD002CE6B5 /* LaunchDetailsInfoInteractorInterface.swift */ = {isa = PBXFileReference; fileEncoding = 4; lastKnownFileType = sourcecode.swift; path = LaunchDetailsInfoInteractorInterface.swift; sourceTree = "<group>"; };
		1B4449F328E988AD002CE6B5 /* LaunchDetailsInfoInteractor.swift */ = {isa = PBXFileReference; fileEncoding = 4; lastKnownFileType = sourcecode.swift; path = LaunchDetailsInfoInteractor.swift; sourceTree = "<group>"; };
		1B4449F528E988AD002CE6B5 /* LaunchDetailsInfoRouter.swift */ = {isa = PBXFileReference; fileEncoding = 4; lastKnownFileType = sourcecode.swift; path = LaunchDetailsInfoRouter.swift; sourceTree = "<group>"; };
		1B4449F628E988AD002CE6B5 /* LaunchDetailsInfoRouterInterface.swift */ = {isa = PBXFileReference; fileEncoding = 4; lastKnownFileType = sourcecode.swift; path = LaunchDetailsInfoRouterInterface.swift; sourceTree = "<group>"; };
		1B444A0328E9B913002CE6B5 /* BottomSheetContainerViewController.swift */ = {isa = PBXFileReference; lastKnownFileType = sourcecode.swift; path = BottomSheetContainerViewController.swift; sourceTree = "<group>"; };
		1B5A06A228D89AF700F2AC37 /* LaunchesModule.swift */ = {isa = PBXFileReference; fileEncoding = 4; lastKnownFileType = sourcecode.swift; path = LaunchesModule.swift; sourceTree = "<group>"; };
		1B5A06A628D89AF700F2AC37 /* LaunchesPresenterViewInterface.swift */ = {isa = PBXFileReference; fileEncoding = 4; lastKnownFileType = sourcecode.swift; path = LaunchesPresenterViewInterface.swift; sourceTree = "<group>"; };
		1B5A06A728D89AF700F2AC37 /* LaunchesPresenter.swift */ = {isa = PBXFileReference; fileEncoding = 4; lastKnownFileType = sourcecode.swift; path = LaunchesPresenter.swift; sourceTree = "<group>"; };
		1B5A06A828D89AF700F2AC37 /* LaunchesPresenterInteractorInterface.swift */ = {isa = PBXFileReference; fileEncoding = 4; lastKnownFileType = sourcecode.swift; path = LaunchesPresenterInteractorInterface.swift; sourceTree = "<group>"; };
		1B5A06A928D89AF700F2AC37 /* LaunchesPresenterRouterInterface.swift */ = {isa = PBXFileReference; fileEncoding = 4; lastKnownFileType = sourcecode.swift; path = LaunchesPresenterRouterInterface.swift; sourceTree = "<group>"; };
		1B5A06AB28D89AF700F2AC37 /* LaunchesView.swift */ = {isa = PBXFileReference; fileEncoding = 4; lastKnownFileType = sourcecode.swift; path = LaunchesView.swift; sourceTree = "<group>"; };
		1B5A06AC28D89AF700F2AC37 /* LaunchesViewInterface.swift */ = {isa = PBXFileReference; fileEncoding = 4; lastKnownFileType = sourcecode.swift; path = LaunchesViewInterface.swift; sourceTree = "<group>"; };
		1B5A06AE28D89AF700F2AC37 /* LaunchesInteractorInterface.swift */ = {isa = PBXFileReference; fileEncoding = 4; lastKnownFileType = sourcecode.swift; path = LaunchesInteractorInterface.swift; sourceTree = "<group>"; };
		1B5A06AF28D89AF700F2AC37 /* LaunchesInteractor.swift */ = {isa = PBXFileReference; fileEncoding = 4; lastKnownFileType = sourcecode.swift; path = LaunchesInteractor.swift; sourceTree = "<group>"; };
		1B5A06B128D89AF700F2AC37 /* LaunchesRouter.swift */ = {isa = PBXFileReference; fileEncoding = 4; lastKnownFileType = sourcecode.swift; path = LaunchesRouter.swift; sourceTree = "<group>"; };
		1B5A06B228D89AF700F2AC37 /* LaunchesRouterInterface.swift */ = {isa = PBXFileReference; fileEncoding = 4; lastKnownFileType = sourcecode.swift; path = LaunchesRouterInterface.swift; sourceTree = "<group>"; };
		1B5A06C128D8A5AE00F2AC37 /* TabBarController.swift */ = {isa = PBXFileReference; lastKnownFileType = sourcecode.swift; path = TabBarController.swift; sourceTree = "<group>"; };
		1B5A06C528D8A7A400F2AC37 /* BookmarksEntity.swift */ = {isa = PBXFileReference; fileEncoding = 4; lastKnownFileType = sourcecode.swift; path = BookmarksEntity.swift; sourceTree = "<group>"; };
		1B5A06C728D8A7A400F2AC37 /* BookmarksPresenterViewInterface.swift */ = {isa = PBXFileReference; fileEncoding = 4; lastKnownFileType = sourcecode.swift; path = BookmarksPresenterViewInterface.swift; sourceTree = "<group>"; };
		1B5A06C828D8A7A400F2AC37 /* BookmarksPresenter.swift */ = {isa = PBXFileReference; fileEncoding = 4; lastKnownFileType = sourcecode.swift; path = BookmarksPresenter.swift; sourceTree = "<group>"; };
		1B5A06C928D8A7A400F2AC37 /* BookmarksPresenterRouterInterface.swift */ = {isa = PBXFileReference; fileEncoding = 4; lastKnownFileType = sourcecode.swift; path = BookmarksPresenterRouterInterface.swift; sourceTree = "<group>"; };
		1B5A06CA28D8A7A400F2AC37 /* BookmarksPresenterInteractorInterface.swift */ = {isa = PBXFileReference; fileEncoding = 4; lastKnownFileType = sourcecode.swift; path = BookmarksPresenterInteractorInterface.swift; sourceTree = "<group>"; };
		1B5A06CC28D8A7A400F2AC37 /* BookmarksViewInterface.swift */ = {isa = PBXFileReference; fileEncoding = 4; lastKnownFileType = sourcecode.swift; path = BookmarksViewInterface.swift; sourceTree = "<group>"; };
		1B5A06CD28D8A7A400F2AC37 /* BookmarksView.swift */ = {isa = PBXFileReference; fileEncoding = 4; lastKnownFileType = sourcecode.swift; path = BookmarksView.swift; sourceTree = "<group>"; };
		1B5A06CF28D8A7A400F2AC37 /* BookmarksInteractorInterface.swift */ = {isa = PBXFileReference; fileEncoding = 4; lastKnownFileType = sourcecode.swift; path = BookmarksInteractorInterface.swift; sourceTree = "<group>"; };
		1B5A06D028D8A7A400F2AC37 /* BookmarksInteractor.swift */ = {isa = PBXFileReference; fileEncoding = 4; lastKnownFileType = sourcecode.swift; path = BookmarksInteractor.swift; sourceTree = "<group>"; };
		1B5A06D128D8A7A400F2AC37 /* BookmarksModule.swift */ = {isa = PBXFileReference; fileEncoding = 4; lastKnownFileType = sourcecode.swift; path = BookmarksModule.swift; sourceTree = "<group>"; };
		1B5A06D328D8A7A400F2AC37 /* BookmarksRouter.swift */ = {isa = PBXFileReference; fileEncoding = 4; lastKnownFileType = sourcecode.swift; path = BookmarksRouter.swift; sourceTree = "<group>"; };
		1B5A06D428D8A7A400F2AC37 /* BookmarksRouterInterface.swift */ = {isa = PBXFileReference; fileEncoding = 4; lastKnownFileType = sourcecode.swift; path = BookmarksRouterInterface.swift; sourceTree = "<group>"; };
		1B5C006128E574E0005CFF46 /* CoreDataManagerProtocol.swift */ = {isa = PBXFileReference; lastKnownFileType = sourcecode.swift; path = CoreDataManagerProtocol.swift; sourceTree = "<group>"; };
		1B5C006328E589B5005CFF46 /* CoreDataLaunch.swift */ = {isa = PBXFileReference; lastKnownFileType = sourcecode.swift; path = CoreDataLaunch.swift; sourceTree = "<group>"; };
		1B5C006528E58AD7005CFF46 /* CoreDataManager.swift */ = {isa = PBXFileReference; lastKnownFileType = sourcecode.swift; path = CoreDataManager.swift; sourceTree = "<group>"; };
		1BB5E73F28D9A53B0047BF21 /* LaunchCell.xib */ = {isa = PBXFileReference; lastKnownFileType = file.xib; path = LaunchCell.xib; sourceTree = "<group>"; };
		1BB5E74328D9B7000047BF21 /* LaunchCell.swift */ = {isa = PBXFileReference; lastKnownFileType = sourcecode.swift; path = LaunchCell.swift; sourceTree = "<group>"; };
		1BB5E74528D9BA1F0047BF21 /* LaunchState.swift */ = {isa = PBXFileReference; lastKnownFileType = sourcecode.swift; path = LaunchState.swift; sourceTree = "<group>"; };
		1BB5E75028DEE4B00047BF21 /* LaunchDetailsModule.swift */ = {isa = PBXFileReference; fileEncoding = 4; lastKnownFileType = sourcecode.swift; path = LaunchDetailsModule.swift; sourceTree = "<group>"; };
		1BB5E75228DEE4B00047BF21 /* LaunchDetailsEntity.swift */ = {isa = PBXFileReference; fileEncoding = 4; lastKnownFileType = sourcecode.swift; path = LaunchDetailsEntity.swift; sourceTree = "<group>"; };
		1BB5E75428DEE4B00047BF21 /* LaunchDetailsPresenterInteractorInterface.swift */ = {isa = PBXFileReference; fileEncoding = 4; lastKnownFileType = sourcecode.swift; path = LaunchDetailsPresenterInteractorInterface.swift; sourceTree = "<group>"; };
		1BB5E75528DEE4B00047BF21 /* LaunchDetailsPresenterViewInterface.swift */ = {isa = PBXFileReference; fileEncoding = 4; lastKnownFileType = sourcecode.swift; path = LaunchDetailsPresenterViewInterface.swift; sourceTree = "<group>"; };
		1BB5E75628DEE4B00047BF21 /* LaunchDetailsPresenter.swift */ = {isa = PBXFileReference; fileEncoding = 4; lastKnownFileType = sourcecode.swift; path = LaunchDetailsPresenter.swift; sourceTree = "<group>"; };
		1BB5E75728DEE4B00047BF21 /* LaunchDetailsPresenterRouterInterface.swift */ = {isa = PBXFileReference; fileEncoding = 4; lastKnownFileType = sourcecode.swift; path = LaunchDetailsPresenterRouterInterface.swift; sourceTree = "<group>"; };
		1BB5E75928DEE4B00047BF21 /* LaunchDetailsView.swift */ = {isa = PBXFileReference; fileEncoding = 4; lastKnownFileType = sourcecode.swift; path = LaunchDetailsView.swift; sourceTree = "<group>"; };
		1BB5E75A28DEE4B00047BF21 /* LaunchDetailsViewInterface.swift */ = {isa = PBXFileReference; fileEncoding = 4; lastKnownFileType = sourcecode.swift; path = LaunchDetailsViewInterface.swift; sourceTree = "<group>"; };
		1BB5E75C28DEE4B00047BF21 /* LaunchDetailsInteractor.swift */ = {isa = PBXFileReference; fileEncoding = 4; lastKnownFileType = sourcecode.swift; path = LaunchDetailsInteractor.swift; sourceTree = "<group>"; };
		1BB5E75D28DEE4B00047BF21 /* LaunchDetailsInteractorInterface.swift */ = {isa = PBXFileReference; fileEncoding = 4; lastKnownFileType = sourcecode.swift; path = LaunchDetailsInteractorInterface.swift; sourceTree = "<group>"; };
		1BB5E75F28DEE4B00047BF21 /* LaunchDetailsRouter.swift */ = {isa = PBXFileReference; fileEncoding = 4; lastKnownFileType = sourcecode.swift; path = LaunchDetailsRouter.swift; sourceTree = "<group>"; };
		1BB5E76028DEE4B00047BF21 /* LaunchDetailsRouterInterface.swift */ = {isa = PBXFileReference; fileEncoding = 4; lastKnownFileType = sourcecode.swift; path = LaunchDetailsRouterInterface.swift; sourceTree = "<group>"; };
		1BDEFA1428D71BE700B887FA /* SpaceXRockets.app */ = {isa = PBXFileReference; explicitFileType = wrapper.application; includeInIndex = 0; path = SpaceXRockets.app; sourceTree = BUILT_PRODUCTS_DIR; };
		1BDEFA1728D71BE700B887FA /* AppDelegate.swift */ = {isa = PBXFileReference; lastKnownFileType = sourcecode.swift; path = AppDelegate.swift; sourceTree = "<group>"; };
		1BDEFA1928D71BE700B887FA /* SceneDelegate.swift */ = {isa = PBXFileReference; lastKnownFileType = sourcecode.swift; path = SceneDelegate.swift; sourceTree = "<group>"; };
		1BDEFA2128D71BE700B887FA /* SpaceXRockets.xcdatamodel */ = {isa = PBXFileReference; lastKnownFileType = wrapper.xcdatamodel; path = SpaceXRockets.xcdatamodel; sourceTree = "<group>"; };
		1BDEFA2328D71BE900B887FA /* Assets.xcassets */ = {isa = PBXFileReference; lastKnownFileType = folder.assetcatalog; path = Assets.xcassets; sourceTree = "<group>"; };
		1BDEFA2628D71BE900B887FA /* Base */ = {isa = PBXFileReference; lastKnownFileType = file.storyboard; name = Base; path = Base.lproj/LaunchScreen.storyboard; sourceTree = "<group>"; };
		1BDEFA2828D71BE900B887FA /* Info.plist */ = {isa = PBXFileReference; lastKnownFileType = text.plist.xml; path = Info.plist; sourceTree = "<group>"; };
		1BDEFA2D28D71BE900B887FA /* SpaceXRocketsTests.xctest */ = {isa = PBXFileReference; explicitFileType = wrapper.cfbundle; includeInIndex = 0; path = SpaceXRocketsTests.xctest; sourceTree = BUILT_PRODUCTS_DIR; };
		1BDEFA3128D71BE900B887FA /* SpaceXRocketsTests.swift */ = {isa = PBXFileReference; lastKnownFileType = sourcecode.swift; path = SpaceXRocketsTests.swift; sourceTree = "<group>"; };
		1BDEFA3728D71BE900B887FA /* SpaceXRocketsUITests.xctest */ = {isa = PBXFileReference; explicitFileType = wrapper.cfbundle; includeInIndex = 0; path = SpaceXRocketsUITests.xctest; sourceTree = BUILT_PRODUCTS_DIR; };
		1BDEFA3B28D71BE900B887FA /* SpaceXRocketsUITests.swift */ = {isa = PBXFileReference; lastKnownFileType = sourcecode.swift; path = SpaceXRocketsUITests.swift; sourceTree = "<group>"; };
		1BDEFA3D28D71BE900B887FA /* SpaceXRocketsUITestsLaunchTests.swift */ = {isa = PBXFileReference; lastKnownFileType = sourcecode.swift; path = SpaceXRocketsUITestsLaunchTests.swift; sourceTree = "<group>"; };
		1BDEFA4B28D7242600B887FA /* Interfaces.swift */ = {isa = PBXFileReference; fileEncoding = 4; lastKnownFileType = sourcecode.swift; path = Interfaces.swift; sourceTree = "<group>"; };
		1BDEFA4F28D72F7D00B887FA /* RequestManager.swift */ = {isa = PBXFileReference; lastKnownFileType = sourcecode.swift; path = RequestManager.swift; sourceTree = "<group>"; };
		1BDEFA5128D72FAF00B887FA /* HTTPMethod.swift */ = {isa = PBXFileReference; lastKnownFileType = sourcecode.swift; path = HTTPMethod.swift; sourceTree = "<group>"; };
		1BDEFA5328D72FD300B887FA /* RequestError.swift */ = {isa = PBXFileReference; lastKnownFileType = sourcecode.swift; path = RequestError.swift; sourceTree = "<group>"; };
		1BDEFA5628D772B700B887FA /* ResponseValidator.swift */ = {isa = PBXFileReference; lastKnownFileType = sourcecode.swift; path = ResponseValidator.swift; sourceTree = "<group>"; };
		1BDEFA5828D772D300B887FA /* ResponseValidatorProtocol.swift */ = {isa = PBXFileReference; lastKnownFileType = sourcecode.swift; path = ResponseValidatorProtocol.swift; sourceTree = "<group>"; };
		1BDEFA5A28D8623500B887FA /* RequestManagerProtocol.swift */ = {isa = PBXFileReference; lastKnownFileType = sourcecode.swift; path = RequestManagerProtocol.swift; sourceTree = "<group>"; };
		1BDEFA5D28D8642900B887FA /* ResponseLog.swift */ = {isa = PBXFileReference; lastKnownFileType = sourcecode.swift; path = ResponseLog.swift; sourceTree = "<group>"; };
		1BDEFA5F28D8647200B887FA /* URLRequestLoggableProtocol.swift */ = {isa = PBXFileReference; lastKnownFileType = sourcecode.swift; path = URLRequestLoggableProtocol.swift; sourceTree = "<group>"; };
		1BDEFA6328D866A000B887FA /* LaunchService.swift */ = {isa = PBXFileReference; lastKnownFileType = sourcecode.swift; path = LaunchService.swift; sourceTree = "<group>"; };
		1BDEFA6528D866B700B887FA /* LaunchServiceProtocol.swift */ = {isa = PBXFileReference; lastKnownFileType = sourcecode.swift; path = LaunchServiceProtocol.swift; sourceTree = "<group>"; };
		1BDEFA6828D8670600B887FA /* LaunchBodyModel.swift */ = {isa = PBXFileReference; lastKnownFileType = sourcecode.swift; path = LaunchBodyModel.swift; sourceTree = "<group>"; };
		1BDEFA6A28D86D2700B887FA /* Launches.swift */ = {isa = PBXFileReference; lastKnownFileType = sourcecode.swift; path = Launches.swift; sourceTree = "<group>"; };
		436ECDAC919BCF553BB6EBCA /* Pods-SpaceXRocketsTests.debug.xcconfig */ = {isa = PBXFileReference; includeInIndex = 1; lastKnownFileType = text.xcconfig; name = "Pods-SpaceXRocketsTests.debug.xcconfig"; path = "Target Support Files/Pods-SpaceXRocketsTests/Pods-SpaceXRocketsTests.debug.xcconfig"; sourceTree = "<group>"; };
		63200698F0F4C7BFA2A88253 /* Pods-SpaceXRocketsTests.release.xcconfig */ = {isa = PBXFileReference; includeInIndex = 1; lastKnownFileType = text.xcconfig; name = "Pods-SpaceXRocketsTests.release.xcconfig"; path = "Target Support Files/Pods-SpaceXRocketsTests/Pods-SpaceXRocketsTests.release.xcconfig"; sourceTree = "<group>"; };
		925E407C6719617FE785BB11 /* Pods_SpaceXRocketsTests.framework */ = {isa = PBXFileReference; explicitFileType = wrapper.framework; includeInIndex = 0; path = Pods_SpaceXRocketsTests.framework; sourceTree = BUILT_PRODUCTS_DIR; };
		A949C1B4AA8AF009572FA377 /* Pods_SpaceXRockets.framework */ = {isa = PBXFileReference; explicitFileType = wrapper.framework; includeInIndex = 0; path = Pods_SpaceXRockets.framework; sourceTree = BUILT_PRODUCTS_DIR; };
		C290425D7024AED79C35F832 /* Pods_SpaceXRockets_SpaceXRocketsUITests.framework */ = {isa = PBXFileReference; explicitFileType = wrapper.framework; includeInIndex = 0; path = Pods_SpaceXRockets_SpaceXRocketsUITests.framework; sourceTree = BUILT_PRODUCTS_DIR; };
		F0E307D6000562B858503977 /* Pods-SpaceXRockets.release.xcconfig */ = {isa = PBXFileReference; includeInIndex = 1; lastKnownFileType = text.xcconfig; name = "Pods-SpaceXRockets.release.xcconfig"; path = "Target Support Files/Pods-SpaceXRockets/Pods-SpaceXRockets.release.xcconfig"; sourceTree = "<group>"; };
/* End PBXFileReference section */

/* Begin PBXFrameworksBuildPhase section */
		1BDEFA1128D71BE700B887FA /* Frameworks */ = {
			isa = PBXFrameworksBuildPhase;
			buildActionMask = 2147483647;
			files = (
				6464A6B1E091B4E9FC0FB7F0 /* Pods_SpaceXRockets.framework in Frameworks */,
			);
			runOnlyForDeploymentPostprocessing = 0;
		};
		1BDEFA2A28D71BE900B887FA /* Frameworks */ = {
			isa = PBXFrameworksBuildPhase;
			buildActionMask = 2147483647;
			files = (
				9501AE910DE1F1F84E4BE36D /* Pods_SpaceXRocketsTests.framework in Frameworks */,
			);
			runOnlyForDeploymentPostprocessing = 0;
		};
		1BDEFA3428D71BE900B887FA /* Frameworks */ = {
			isa = PBXFrameworksBuildPhase;
			buildActionMask = 2147483647;
			files = (
				9904824B3A415DFEBA01BAD9 /* Pods_SpaceXRockets_SpaceXRocketsUITests.framework in Frameworks */,
			);
			runOnlyForDeploymentPostprocessing = 0;
		};
/* End PBXFrameworksBuildPhase section */

/* Begin PBXGroup section */
		1B4449A528E896C0002CE6B5 /* Components */ = {
			isa = PBXGroup;
			children = (
				1B444A0328E9B913002CE6B5 /* BottomSheetContainerViewController.swift */,
				1B4449E528E988AD002CE6B5 /* LaunchDetailsInfo */,
				1B4449C528E9730D002CE6B5 /* LaunchInfoContent */,
			);
			path = Components;
			sourceTree = "<group>";
		};
		1B4449C528E9730D002CE6B5 /* LaunchInfoContent */ = {
			isa = PBXGroup;
			children = (
				1B4449D328E9730D002CE6B5 /* LaunchInfoContentModule.swift */,
				1B4449C828E9730D002CE6B5 /* Presenter */,
				1B4449CD28E9730D002CE6B5 /* View */,
				1B4449D028E9730D002CE6B5 /* Interactor */,
				1B4449D428E9730D002CE6B5 /* Router */,
			);
			path = LaunchInfoContent;
			sourceTree = "<group>";
		};
		1B4449C828E9730D002CE6B5 /* Presenter */ = {
			isa = PBXGroup;
			children = (
				1B4449C928E9730D002CE6B5 /* LaunchInfoContentPresenterInteractorInterface.swift */,
				1B4449CA28E9730D002CE6B5 /* LaunchInfoContentPresenterViewInterface.swift */,
				1B4449CB28E9730D002CE6B5 /* LaunchInfoContentPresenter.swift */,
				1B4449CC28E9730D002CE6B5 /* LaunchInfoContentPresenterRouterInterface.swift */,
			);
			path = Presenter;
			sourceTree = "<group>";
		};
		1B4449CD28E9730D002CE6B5 /* View */ = {
			isa = PBXGroup;
			children = (
				1B4449CE28E9730D002CE6B5 /* LaunchInfoContentView.swift */,
				1B4449CF28E9730D002CE6B5 /* LaunchInfoContentViewInterface.swift */,
			);
			path = View;
			sourceTree = "<group>";
		};
		1B4449D028E9730D002CE6B5 /* Interactor */ = {
			isa = PBXGroup;
			children = (
				1B4449D128E9730D002CE6B5 /* LaunchInfoContentInteractor.swift */,
				1B4449D228E9730D002CE6B5 /* LaunchInfoContentInteractorInterface.swift */,
			);
			path = Interactor;
			sourceTree = "<group>";
		};
		1B4449D428E9730D002CE6B5 /* Router */ = {
			isa = PBXGroup;
			children = (
				1B4449D528E9730D002CE6B5 /* LaunchInfoContentRouterInterface.swift */,
				1B4449D628E9730D002CE6B5 /* LaunchInfoContentRouter.swift */,
			);
			path = Router;
			sourceTree = "<group>";
		};
		1B4449E528E988AD002CE6B5 /* LaunchDetailsInfo */ = {
			isa = PBXGroup;
			children = (
				1B4449ED28E988AD002CE6B5 /* LaunchDetailsInfoModule.swift */,
				1B4449E828E988AD002CE6B5 /* Presenter */,
				1B4449EE28E988AD002CE6B5 /* View */,
				1B4449F128E988AD002CE6B5 /* Interactor */,
				1B4449F428E988AD002CE6B5 /* Router */,
			);
			path = LaunchDetailsInfo;
			sourceTree = "<group>";
		};
		1B4449E828E988AD002CE6B5 /* Presenter */ = {
			isa = PBXGroup;
			children = (
				1B4449E928E988AD002CE6B5 /* LaunchDetailsInfoPresenterViewInterface.swift */,
				1B4449EA28E988AD002CE6B5 /* LaunchDetailsInfoPresenterInteractorInterface.swift */,
				1B4449EB28E988AD002CE6B5 /* LaunchDetailsInfoPresenter.swift */,
				1B4449EC28E988AD002CE6B5 /* LaunchDetailsInfoPresenterRouterInterface.swift */,
			);
			path = Presenter;
			sourceTree = "<group>";
		};
		1B4449EE28E988AD002CE6B5 /* View */ = {
			isa = PBXGroup;
			children = (
				1B4449EF28E988AD002CE6B5 /* LaunchDetailsInfoViewInterface.swift */,
				1B4449F028E988AD002CE6B5 /* LaunchDetailsInfoView.swift */,
			);
			path = View;
			sourceTree = "<group>";
		};
		1B4449F128E988AD002CE6B5 /* Interactor */ = {
			isa = PBXGroup;
			children = (
				1B4449F228E988AD002CE6B5 /* LaunchDetailsInfoInteractorInterface.swift */,
				1B4449F328E988AD002CE6B5 /* LaunchDetailsInfoInteractor.swift */,
			);
			path = Interactor;
			sourceTree = "<group>";
		};
		1B4449F428E988AD002CE6B5 /* Router */ = {
			isa = PBXGroup;
			children = (
				1B4449F528E988AD002CE6B5 /* LaunchDetailsInfoRouter.swift */,
				1B4449F628E988AD002CE6B5 /* LaunchDetailsInfoRouterInterface.swift */,
			);
			path = Router;
			sourceTree = "<group>";
		};
		1B5A069E28D8959400F2AC37 /* Modules */ = {
			isa = PBXGroup;
			children = (
				1B5A06A128D89AF700F2AC37 /* Launches */,
				1B5A06C328D8A7A400F2AC37 /* Bookmarks */,
				1BB5E74F28DEE4B00047BF21 /* LaunchDetails */,
			);
			path = Modules;
			sourceTree = "<group>";
		};
		1B5A069F28D895D500F2AC37 /* Supporting Files */ = {
			isa = PBXGroup;
			children = (
				1BDEFA2328D71BE900B887FA /* Assets.xcassets */,
				1BDEFA2528D71BE900B887FA /* LaunchScreen.storyboard */,
				1BDEFA2828D71BE900B887FA /* Info.plist */,
			);
			path = "Supporting Files";
			sourceTree = "<group>";
		};
		1B5A06A028D895FE00F2AC37 /* CoreData */ = {
			isa = PBXGroup;
			children = (
				1BDEFA2028D71BE700B887FA /* SpaceXRockets.xcdatamodeld */,
				1B5C006128E574E0005CFF46 /* CoreDataManagerProtocol.swift */,
				1B5C006328E589B5005CFF46 /* CoreDataLaunch.swift */,
				1B5C006528E58AD7005CFF46 /* CoreDataManager.swift */,
			);
			path = CoreData;
			sourceTree = "<group>";
		};
		1B5A06A128D89AF700F2AC37 /* Launches */ = {
			isa = PBXGroup;
			children = (
				1B5A06A228D89AF700F2AC37 /* LaunchesModule.swift */,
				1B5A06A528D89AF700F2AC37 /* Presenter */,
				1B5A06AA28D89AF700F2AC37 /* View */,
				1B5A06AD28D89AF700F2AC37 /* Interactor */,
				1B5A06B028D89AF700F2AC37 /* Router */,
			);
			path = Launches;
			sourceTree = "<group>";
		};
		1B5A06A528D89AF700F2AC37 /* Presenter */ = {
			isa = PBXGroup;
			children = (
				1B5A06A628D89AF700F2AC37 /* LaunchesPresenterViewInterface.swift */,
				1B5A06A728D89AF700F2AC37 /* LaunchesPresenter.swift */,
				1B5A06A828D89AF700F2AC37 /* LaunchesPresenterInteractorInterface.swift */,
				1B5A06A928D89AF700F2AC37 /* LaunchesPresenterRouterInterface.swift */,
			);
			path = Presenter;
			sourceTree = "<group>";
		};
		1B5A06AA28D89AF700F2AC37 /* View */ = {
			isa = PBXGroup;
			children = (
				1B5A06AB28D89AF700F2AC37 /* LaunchesView.swift */,
				1B5A06AC28D89AF700F2AC37 /* LaunchesViewInterface.swift */,
			);
			path = View;
			sourceTree = "<group>";
		};
		1B5A06AD28D89AF700F2AC37 /* Interactor */ = {
			isa = PBXGroup;
			children = (
				1B5A06AE28D89AF700F2AC37 /* LaunchesInteractorInterface.swift */,
				1B5A06AF28D89AF700F2AC37 /* LaunchesInteractor.swift */,
			);
			path = Interactor;
			sourceTree = "<group>";
		};
		1B5A06B028D89AF700F2AC37 /* Router */ = {
			isa = PBXGroup;
			children = (
				1B5A06B128D89AF700F2AC37 /* LaunchesRouter.swift */,
				1B5A06B228D89AF700F2AC37 /* LaunchesRouterInterface.swift */,
			);
			path = Router;
			sourceTree = "<group>";
		};
		1B5A06C328D8A7A400F2AC37 /* Bookmarks */ = {
			isa = PBXGroup;
			children = (
				1B5A06D128D8A7A400F2AC37 /* BookmarksModule.swift */,
				1B5A06C428D8A7A400F2AC37 /* Entity */,
				1B5A06C628D8A7A400F2AC37 /* Presenter */,
				1B5A06CB28D8A7A400F2AC37 /* View */,
				1B5A06CE28D8A7A400F2AC37 /* Interactor */,
				1B5A06D228D8A7A400F2AC37 /* Router */,
			);
			path = Bookmarks;
			sourceTree = "<group>";
		};
		1B5A06C428D8A7A400F2AC37 /* Entity */ = {
			isa = PBXGroup;
			children = (
				1B5A06C528D8A7A400F2AC37 /* BookmarksEntity.swift */,
			);
			path = Entity;
			sourceTree = "<group>";
		};
		1B5A06C628D8A7A400F2AC37 /* Presenter */ = {
			isa = PBXGroup;
			children = (
				1B5A06C728D8A7A400F2AC37 /* BookmarksPresenterViewInterface.swift */,
				1B5A06C828D8A7A400F2AC37 /* BookmarksPresenter.swift */,
				1B5A06C928D8A7A400F2AC37 /* BookmarksPresenterRouterInterface.swift */,
				1B5A06CA28D8A7A400F2AC37 /* BookmarksPresenterInteractorInterface.swift */,
			);
			path = Presenter;
			sourceTree = "<group>";
		};
		1B5A06CB28D8A7A400F2AC37 /* View */ = {
			isa = PBXGroup;
			children = (
				1B5A06CC28D8A7A400F2AC37 /* BookmarksViewInterface.swift */,
				1B5A06CD28D8A7A400F2AC37 /* BookmarksView.swift */,
			);
			path = View;
			sourceTree = "<group>";
		};
		1B5A06CE28D8A7A400F2AC37 /* Interactor */ = {
			isa = PBXGroup;
			children = (
				1B5A06CF28D8A7A400F2AC37 /* BookmarksInteractorInterface.swift */,
				1B5A06D028D8A7A400F2AC37 /* BookmarksInteractor.swift */,
			);
			path = Interactor;
			sourceTree = "<group>";
		};
		1B5A06D228D8A7A400F2AC37 /* Router */ = {
			isa = PBXGroup;
			children = (
				1B5A06D328D8A7A400F2AC37 /* BookmarksRouter.swift */,
				1B5A06D428D8A7A400F2AC37 /* BookmarksRouterInterface.swift */,
			);
			path = Router;
			sourceTree = "<group>";
		};
		1BB5E74228D9A5430047BF21 /* LaunchCell */ = {
			isa = PBXGroup;
			children = (
				1BB5E73F28D9A53B0047BF21 /* LaunchCell.xib */,
				1BB5E74328D9B7000047BF21 /* LaunchCell.swift */,
			);
			path = LaunchCell;
			sourceTree = "<group>";
		};
		1BB5E74F28DEE4B00047BF21 /* LaunchDetails */ = {
			isa = PBXGroup;
			children = (
				1BB5E75028DEE4B00047BF21 /* LaunchDetailsModule.swift */,
				1BB5E75128DEE4B00047BF21 /* Entity */,
				1BB5E75328DEE4B00047BF21 /* Presenter */,
				1BB5E75828DEE4B00047BF21 /* View */,
				1BB5E75B28DEE4B00047BF21 /* Interactor */,
				1BB5E75E28DEE4B00047BF21 /* Router */,
			);
			path = LaunchDetails;
			sourceTree = "<group>";
		};
		1BB5E75128DEE4B00047BF21 /* Entity */ = {
			isa = PBXGroup;
			children = (
				1BB5E75228DEE4B00047BF21 /* LaunchDetailsEntity.swift */,
			);
			path = Entity;
			sourceTree = "<group>";
		};
		1BB5E75328DEE4B00047BF21 /* Presenter */ = {
			isa = PBXGroup;
			children = (
				1BB5E75428DEE4B00047BF21 /* LaunchDetailsPresenterInteractorInterface.swift */,
				1BB5E75528DEE4B00047BF21 /* LaunchDetailsPresenterViewInterface.swift */,
				1BB5E75628DEE4B00047BF21 /* LaunchDetailsPresenter.swift */,
				1BB5E75728DEE4B00047BF21 /* LaunchDetailsPresenterRouterInterface.swift */,
			);
			path = Presenter;
			sourceTree = "<group>";
		};
		1BB5E75828DEE4B00047BF21 /* View */ = {
			isa = PBXGroup;
			children = (
				1BB5E75928DEE4B00047BF21 /* LaunchDetailsView.swift */,
				1BB5E75A28DEE4B00047BF21 /* LaunchDetailsViewInterface.swift */,
				1B4449A528E896C0002CE6B5 /* Components */,
			);
			path = View;
			sourceTree = "<group>";
		};
		1BB5E75B28DEE4B00047BF21 /* Interactor */ = {
			isa = PBXGroup;
			children = (
				1BB5E75C28DEE4B00047BF21 /* LaunchDetailsInteractor.swift */,
				1BB5E75D28DEE4B00047BF21 /* LaunchDetailsInteractorInterface.swift */,
			);
			path = Interactor;
			sourceTree = "<group>";
		};
		1BB5E75E28DEE4B00047BF21 /* Router */ = {
			isa = PBXGroup;
			children = (
				1BB5E75F28DEE4B00047BF21 /* LaunchDetailsRouter.swift */,
				1BB5E76028DEE4B00047BF21 /* LaunchDetailsRouterInterface.swift */,
			);
			path = Router;
			sourceTree = "<group>";
		};
		1BDEFA0B28D71BE700B887FA = {
			isa = PBXGroup;
			children = (
				1BDEFA1628D71BE700B887FA /* SpaceXRockets */,
				1BDEFA3028D71BE900B887FA /* SpaceXRocketsTests */,
				1BDEFA3A28D71BE900B887FA /* SpaceXRocketsUITests */,
				1BDEFA1528D71BE700B887FA /* Products */,
				EF01FDA7891D360068D58C2B /* Pods */,
				D7F4CAFF1D04F367475B2D75 /* Frameworks */,
			);
			sourceTree = "<group>";
		};
		1BDEFA1528D71BE700B887FA /* Products */ = {
			isa = PBXGroup;
			children = (
				1BDEFA1428D71BE700B887FA /* SpaceXRockets.app */,
				1BDEFA2D28D71BE900B887FA /* SpaceXRocketsTests.xctest */,
				1BDEFA3728D71BE900B887FA /* SpaceXRocketsUITests.xctest */,
			);
			name = Products;
			sourceTree = "<group>";
		};
		1BDEFA1628D71BE700B887FA /* SpaceXRockets */ = {
			isa = PBXGroup;
			children = (
				1BDEFA4A28D723B600B887FA /* App */,
				1BDEFA4D28D72F4F00B887FA /* Utilities */,
				1B5A069F28D895D500F2AC37 /* Supporting Files */,
				1B5A069E28D8959400F2AC37 /* Modules */,
			);
			path = SpaceXRockets;
			sourceTree = "<group>";
		};
		1BDEFA3028D71BE900B887FA /* SpaceXRocketsTests */ = {
			isa = PBXGroup;
			children = (
				1BDEFA3128D71BE900B887FA /* SpaceXRocketsTests.swift */,
			);
			path = SpaceXRocketsTests;
			sourceTree = "<group>";
		};
		1BDEFA3A28D71BE900B887FA /* SpaceXRocketsUITests */ = {
			isa = PBXGroup;
			children = (
				1BDEFA3B28D71BE900B887FA /* SpaceXRocketsUITests.swift */,
				1BDEFA3D28D71BE900B887FA /* SpaceXRocketsUITestsLaunchTests.swift */,
			);
			path = SpaceXRocketsUITests;
			sourceTree = "<group>";
		};
		1BDEFA4A28D723B600B887FA /* App */ = {
			isa = PBXGroup;
			children = (
				1BDEFA4B28D7242600B887FA /* Interfaces.swift */,
				1BDEFA1728D71BE700B887FA /* AppDelegate.swift */,
				1BDEFA1928D71BE700B887FA /* SceneDelegate.swift */,
				1B5A06C128D8A5AE00F2AC37 /* TabBarController.swift */,
			);
			path = App;
			sourceTree = "<group>";
		};
		1BDEFA4D28D72F4F00B887FA /* Utilities */ = {
			isa = PBXGroup;
			children = (
				1B5A06A028D895FE00F2AC37 /* CoreData */,
				1BDEFA4E28D72F5F00B887FA /* Network */,
				1BDEFA6228D864AB00B887FA /* Service */,
				1BDEFA6728D866E800B887FA /* Model */,
				1BB5E74228D9A5430047BF21 /* LaunchCell */,
				1B4449E328E975CD002CE6B5 /* Extensions.swift */,
			);
			path = Utilities;
			sourceTree = "<group>";
		};
		1BDEFA4E28D72F5F00B887FA /* Network */ = {
			isa = PBXGroup;
			children = (
				1BDEFA5128D72FAF00B887FA /* HTTPMethod.swift */,
				1BDEFA5328D72FD300B887FA /* RequestError.swift */,
				1BDEFA6128D8649700B887FA /* Manager */,
				1BDEFA5528D772AB00B887FA /* ResponseValidator */,
				1BDEFA5C28D862D500B887FA /* APILogger */,
			);
			path = Network;
			sourceTree = "<group>";
		};
		1BDEFA5528D772AB00B887FA /* ResponseValidator */ = {
			isa = PBXGroup;
			children = (
				1BDEFA5828D772D300B887FA /* ResponseValidatorProtocol.swift */,
				1BDEFA5628D772B700B887FA /* ResponseValidator.swift */,
			);
			path = ResponseValidator;
			sourceTree = "<group>";
		};
		1BDEFA5C28D862D500B887FA /* APILogger */ = {
			isa = PBXGroup;
			children = (
				1BDEFA5F28D8647200B887FA /* URLRequestLoggableProtocol.swift */,
				1BDEFA5D28D8642900B887FA /* ResponseLog.swift */,
			);
			path = APILogger;
			sourceTree = "<group>";
		};
		1BDEFA6128D8649700B887FA /* Manager */ = {
			isa = PBXGroup;
			children = (
				1BDEFA5A28D8623500B887FA /* RequestManagerProtocol.swift */,
				1BDEFA4F28D72F7D00B887FA /* RequestManager.swift */,
			);
			path = Manager;
			sourceTree = "<group>";
		};
		1BDEFA6228D864AB00B887FA /* Service */ = {
			isa = PBXGroup;
			children = (
				1BDEFA6528D866B700B887FA /* LaunchServiceProtocol.swift */,
				1BDEFA6328D866A000B887FA /* LaunchService.swift */,
			);
			path = Service;
			sourceTree = "<group>";
		};
		1BDEFA6728D866E800B887FA /* Model */ = {
			isa = PBXGroup;
			children = (
				1BDEFA6828D8670600B887FA /* LaunchBodyModel.swift */,
				1BDEFA6A28D86D2700B887FA /* Launches.swift */,
				1BB5E74528D9BA1F0047BF21 /* LaunchState.swift */,
			);
			path = Model;
			sourceTree = "<group>";
		};
		D7F4CAFF1D04F367475B2D75 /* Frameworks */ = {
			isa = PBXGroup;
			children = (
				A949C1B4AA8AF009572FA377 /* Pods_SpaceXRockets.framework */,
				C290425D7024AED79C35F832 /* Pods_SpaceXRockets_SpaceXRocketsUITests.framework */,
				925E407C6719617FE785BB11 /* Pods_SpaceXRocketsTests.framework */,
			);
			name = Frameworks;
			sourceTree = "<group>";
		};
		EF01FDA7891D360068D58C2B /* Pods */ = {
			isa = PBXGroup;
			children = (
				0BD036433A44AF9F2C634828 /* Pods-SpaceXRockets.debug.xcconfig */,
				F0E307D6000562B858503977 /* Pods-SpaceXRockets.release.xcconfig */,
				0B3B221626C69D0ED558CEE9 /* Pods-SpaceXRockets-SpaceXRocketsUITests.debug.xcconfig */,
				0BDCE7946BA70B92ED7A53B4 /* Pods-SpaceXRockets-SpaceXRocketsUITests.release.xcconfig */,
				436ECDAC919BCF553BB6EBCA /* Pods-SpaceXRocketsTests.debug.xcconfig */,
				63200698F0F4C7BFA2A88253 /* Pods-SpaceXRocketsTests.release.xcconfig */,
			);
			path = Pods;
			sourceTree = "<group>";
		};
/* End PBXGroup section */

/* Begin PBXNativeTarget section */
		1BDEFA1328D71BE700B887FA /* SpaceXRockets */ = {
			isa = PBXNativeTarget;
			buildConfigurationList = 1BDEFA4128D71BE900B887FA /* Build configuration list for PBXNativeTarget "SpaceXRockets" */;
			buildPhases = (
				2C2E740BF857E7CD1F57DC63 /* [CP] Check Pods Manifest.lock */,
				1BDEFA1028D71BE700B887FA /* Sources */,
				1BDEFA1128D71BE700B887FA /* Frameworks */,
				1BDEFA1228D71BE700B887FA /* Resources */,
				1B5A06E128D8A8B700F2AC37 /* ShellScript */,
			);
			buildRules = (
			);
			dependencies = (
			);
			name = SpaceXRockets;
			productName = SpaceXRockets;
			productReference = 1BDEFA1428D71BE700B887FA /* SpaceXRockets.app */;
			productType = "com.apple.product-type.application";
		};
		1BDEFA2C28D71BE900B887FA /* SpaceXRocketsTests */ = {
			isa = PBXNativeTarget;
			buildConfigurationList = 1BDEFA4428D71BE900B887FA /* Build configuration list for PBXNativeTarget "SpaceXRocketsTests" */;
			buildPhases = (
				77CF090B4D3D110291EDE0CB /* [CP] Check Pods Manifest.lock */,
				1BDEFA2928D71BE900B887FA /* Sources */,
				1BDEFA2A28D71BE900B887FA /* Frameworks */,
				1BDEFA2B28D71BE900B887FA /* Resources */,
			);
			buildRules = (
			);
			dependencies = (
				1BDEFA2F28D71BE900B887FA /* PBXTargetDependency */,
			);
			name = SpaceXRocketsTests;
			productName = SpaceXRocketsTests;
			productReference = 1BDEFA2D28D71BE900B887FA /* SpaceXRocketsTests.xctest */;
			productType = "com.apple.product-type.bundle.unit-test";
		};
		1BDEFA3628D71BE900B887FA /* SpaceXRocketsUITests */ = {
			isa = PBXNativeTarget;
			buildConfigurationList = 1BDEFA4728D71BE900B887FA /* Build configuration list for PBXNativeTarget "SpaceXRocketsUITests" */;
			buildPhases = (
				DFC3774695366CB75E4256B7 /* [CP] Check Pods Manifest.lock */,
				1BDEFA3328D71BE900B887FA /* Sources */,
				1BDEFA3428D71BE900B887FA /* Frameworks */,
				1BDEFA3528D71BE900B887FA /* Resources */,
			);
			buildRules = (
			);
			dependencies = (
				1BDEFA3928D71BE900B887FA /* PBXTargetDependency */,
			);
			name = SpaceXRocketsUITests;
			productName = SpaceXRocketsUITests;
			productReference = 1BDEFA3728D71BE900B887FA /* SpaceXRocketsUITests.xctest */;
			productType = "com.apple.product-type.bundle.ui-testing";
		};
/* End PBXNativeTarget section */

/* Begin PBXProject section */
		1BDEFA0C28D71BE700B887FA /* Project object */ = {
			isa = PBXProject;
			attributes = {
				BuildIndependentTargetsInParallel = 1;
				LastSwiftUpdateCheck = 1340;
				LastUpgradeCheck = 1340;
				TargetAttributes = {
					1BDEFA1328D71BE700B887FA = {
						CreatedOnToolsVersion = 13.4.1;
					};
					1BDEFA2C28D71BE900B887FA = {
						CreatedOnToolsVersion = 13.4.1;
						TestTargetID = 1BDEFA1328D71BE700B887FA;
					};
					1BDEFA3628D71BE900B887FA = {
						CreatedOnToolsVersion = 13.4.1;
						TestTargetID = 1BDEFA1328D71BE700B887FA;
					};
				};
			};
			buildConfigurationList = 1BDEFA0F28D71BE700B887FA /* Build configuration list for PBXProject "SpaceXRockets" */;
			compatibilityVersion = "Xcode 13.0";
			developmentRegion = en;
			hasScannedForEncodings = 0;
			knownRegions = (
				en,
				Base,
			);
			mainGroup = 1BDEFA0B28D71BE700B887FA;
			productRefGroup = 1BDEFA1528D71BE700B887FA /* Products */;
			projectDirPath = "";
			projectRoot = "";
			targets = (
				1BDEFA1328D71BE700B887FA /* SpaceXRockets */,
				1BDEFA2C28D71BE900B887FA /* SpaceXRocketsTests */,
				1BDEFA3628D71BE900B887FA /* SpaceXRocketsUITests */,
			);
		};
/* End PBXProject section */

/* Begin PBXResourcesBuildPhase section */
		1BDEFA1228D71BE700B887FA /* Resources */ = {
			isa = PBXResourcesBuildPhase;
			buildActionMask = 2147483647;
			files = (
				1BDEFA2728D71BE900B887FA /* LaunchScreen.storyboard in Resources */,
				1BDEFA2428D71BE900B887FA /* Assets.xcassets in Resources */,
				1BB5E74128D9A53B0047BF21 /* LaunchCell.xib in Resources */,
			);
			runOnlyForDeploymentPostprocessing = 0;
		};
		1BDEFA2B28D71BE900B887FA /* Resources */ = {
			isa = PBXResourcesBuildPhase;
			buildActionMask = 2147483647;
			files = (
			);
			runOnlyForDeploymentPostprocessing = 0;
		};
		1BDEFA3528D71BE900B887FA /* Resources */ = {
			isa = PBXResourcesBuildPhase;
			buildActionMask = 2147483647;
			files = (
			);
			runOnlyForDeploymentPostprocessing = 0;
		};
/* End PBXResourcesBuildPhase section */

/* Begin PBXShellScriptBuildPhase section */
		1B5A06E128D8A8B700F2AC37 /* ShellScript */ = {
			isa = PBXShellScriptBuildPhase;
			buildActionMask = 2147483647;
			files = (
			);
			inputFileListPaths = (
			);
			inputPaths = (
			);
			outputFileListPaths = (
			);
			outputPaths = (
			);
			runOnlyForDeploymentPostprocessing = 0;
			shellPath = /bin/sh;
			shellScript = "# Type a script or drag a script file from your workspace to insert its path.\nif which swiftlint > /dev/null; then\n  swiftlint\nelse\n  echo \"warning: SwiftLint not installed, download from https://github.com/realm/SwiftLint\"\nfi\n";
		};
		2C2E740BF857E7CD1F57DC63 /* [CP] Check Pods Manifest.lock */ = {
			isa = PBXShellScriptBuildPhase;
			buildActionMask = 2147483647;
			files = (
			);
			inputFileListPaths = (
			);
			inputPaths = (
				"${PODS_PODFILE_DIR_PATH}/Podfile.lock",
				"${PODS_ROOT}/Manifest.lock",
			);
			name = "[CP] Check Pods Manifest.lock";
			outputFileListPaths = (
			);
			outputPaths = (
				"$(DERIVED_FILE_DIR)/Pods-SpaceXRockets-checkManifestLockResult.txt",
			);
			runOnlyForDeploymentPostprocessing = 0;
			shellPath = /bin/sh;
			shellScript = "diff \"${PODS_PODFILE_DIR_PATH}/Podfile.lock\" \"${PODS_ROOT}/Manifest.lock\" > /dev/null\nif [ $? != 0 ] ; then\n    # print error to STDERR\n    echo \"error: The sandbox is not in sync with the Podfile.lock. Run 'pod install' or update your CocoaPods installation.\" >&2\n    exit 1\nfi\n# This output is used by Xcode 'outputs' to avoid re-running this script phase.\necho \"SUCCESS\" > \"${SCRIPT_OUTPUT_FILE_0}\"\n";
			showEnvVarsInLog = 0;
		};
		77CF090B4D3D110291EDE0CB /* [CP] Check Pods Manifest.lock */ = {
			isa = PBXShellScriptBuildPhase;
			buildActionMask = 2147483647;
			files = (
			);
			inputFileListPaths = (
			);
			inputPaths = (
				"${PODS_PODFILE_DIR_PATH}/Podfile.lock",
				"${PODS_ROOT}/Manifest.lock",
			);
			name = "[CP] Check Pods Manifest.lock";
			outputFileListPaths = (
			);
			outputPaths = (
				"$(DERIVED_FILE_DIR)/Pods-SpaceXRocketsTests-checkManifestLockResult.txt",
			);
			runOnlyForDeploymentPostprocessing = 0;
			shellPath = /bin/sh;
			shellScript = "diff \"${PODS_PODFILE_DIR_PATH}/Podfile.lock\" \"${PODS_ROOT}/Manifest.lock\" > /dev/null\nif [ $? != 0 ] ; then\n    # print error to STDERR\n    echo \"error: The sandbox is not in sync with the Podfile.lock. Run 'pod install' or update your CocoaPods installation.\" >&2\n    exit 1\nfi\n# This output is used by Xcode 'outputs' to avoid re-running this script phase.\necho \"SUCCESS\" > \"${SCRIPT_OUTPUT_FILE_0}\"\n";
			showEnvVarsInLog = 0;
		};
		DFC3774695366CB75E4256B7 /* [CP] Check Pods Manifest.lock */ = {
			isa = PBXShellScriptBuildPhase;
			buildActionMask = 2147483647;
			files = (
			);
			inputFileListPaths = (
			);
			inputPaths = (
				"${PODS_PODFILE_DIR_PATH}/Podfile.lock",
				"${PODS_ROOT}/Manifest.lock",
			);
			name = "[CP] Check Pods Manifest.lock";
			outputFileListPaths = (
			);
			outputPaths = (
				"$(DERIVED_FILE_DIR)/Pods-SpaceXRockets-SpaceXRocketsUITests-checkManifestLockResult.txt",
			);
			runOnlyForDeploymentPostprocessing = 0;
			shellPath = /bin/sh;
			shellScript = "diff \"${PODS_PODFILE_DIR_PATH}/Podfile.lock\" \"${PODS_ROOT}/Manifest.lock\" > /dev/null\nif [ $? != 0 ] ; then\n    # print error to STDERR\n    echo \"error: The sandbox is not in sync with the Podfile.lock. Run 'pod install' or update your CocoaPods installation.\" >&2\n    exit 1\nfi\n# This output is used by Xcode 'outputs' to avoid re-running this script phase.\necho \"SUCCESS\" > \"${SCRIPT_OUTPUT_FILE_0}\"\n";
			showEnvVarsInLog = 0;
		};
/* End PBXShellScriptBuildPhase section */

/* Begin PBXSourcesBuildPhase section */
		1BDEFA1028D71BE700B887FA /* Sources */ = {
			isa = PBXSourcesBuildPhase;
			buildActionMask = 2147483647;
			files = (
				1B4449E228E9730D002CE6B5 /* LaunchInfoContentRouter.swift in Sources */,
				1B5A06B328D89AF700F2AC37 /* LaunchesModule.swift in Sources */,
				1BB5E76628DEE4B10047BF21 /* LaunchDetailsPresenterRouterInterface.swift in Sources */,
				1BB5E76728DEE4B10047BF21 /* LaunchDetailsView.swift in Sources */,
				1B5C006628E58AD7005CFF46 /* CoreDataManager.swift in Sources */,
				1B4449E028E9730D002CE6B5 /* LaunchInfoContentModule.swift in Sources */,
				1BDEFA6628D866B700B887FA /* LaunchServiceProtocol.swift in Sources */,
				1BDEFA6428D866A000B887FA /* LaunchService.swift in Sources */,
				1BDEFA6B28D86D2700B887FA /* Launches.swift in Sources */,
				1BB5E76A28DEE4B10047BF21 /* LaunchDetailsInteractorInterface.swift in Sources */,
				1B4449D828E9730D002CE6B5 /* LaunchInfoContentPresenterInteractorInterface.swift in Sources */,
				1BDEFA5428D72FD300B887FA /* RequestError.swift in Sources */,
				1B5A06DE28D8A7A400F2AC37 /* BookmarksModule.swift in Sources */,
				1BB5E76228DEE4B10047BF21 /* LaunchDetailsEntity.swift in Sources */,
				1B4449FE28E988AD002CE6B5 /* LaunchDetailsInfoView.swift in Sources */,
				1B4449D928E9730D002CE6B5 /* LaunchInfoContentPresenterViewInterface.swift in Sources */,
				1B5A06D628D8A7A400F2AC37 /* BookmarksPresenterViewInterface.swift in Sources */,
				1BB5E76828DEE4B10047BF21 /* LaunchDetailsViewInterface.swift in Sources */,
				1B4449FC28E988AD002CE6B5 /* LaunchDetailsInfoModule.swift in Sources */,
				1B5A06BA28D89AF700F2AC37 /* LaunchesViewInterface.swift in Sources */,
				1BB5E76428DEE4B10047BF21 /* LaunchDetailsPresenterViewInterface.swift in Sources */,
				1B5A06DF28D8A7A400F2AC37 /* BookmarksRouter.swift in Sources */,
				1B5A06B628D89AF700F2AC37 /* LaunchesPresenter.swift in Sources */,
				1B444A0228E988AD002CE6B5 /* LaunchDetailsInfoRouterInterface.swift in Sources */,
				1B5A06DA28D8A7A400F2AC37 /* BookmarksViewInterface.swift in Sources */,
				1B5A06D928D8A7A400F2AC37 /* BookmarksPresenterInteractorInterface.swift in Sources */,
				1B5A06E028D8A7A400F2AC37 /* BookmarksRouterInterface.swift in Sources */,
				1B4449DC28E9730D002CE6B5 /* LaunchInfoContentView.swift in Sources */,
				1B4449DB28E9730D002CE6B5 /* LaunchInfoContentPresenterRouterInterface.swift in Sources */,
				1B5A06D728D8A7A400F2AC37 /* BookmarksPresenter.swift in Sources */,
				1BDEFA5028D72F7D00B887FA /* RequestManager.swift in Sources */,
				1BDEFA2228D71BE700B887FA /* SpaceXRockets.xcdatamodeld in Sources */,
				1BDEFA5228D72FAF00B887FA /* HTTPMethod.swift in Sources */,
				1B5A06B928D89AF700F2AC37 /* LaunchesView.swift in Sources */,
				1B444A0128E988AD002CE6B5 /* LaunchDetailsInfoRouter.swift in Sources */,
				1B5A06BC28D89AF700F2AC37 /* LaunchesInteractor.swift in Sources */,
				1B4449DA28E9730D002CE6B5 /* LaunchInfoContentPresenter.swift in Sources */,
				1BB5E76B28DEE4B10047BF21 /* LaunchDetailsRouter.swift in Sources */,
				1BB5E76928DEE4B10047BF21 /* LaunchDetailsInteractor.swift in Sources */,
				1BB5E76528DEE4B10047BF21 /* LaunchDetailsPresenter.swift in Sources */,
				1BDEFA6928D8670600B887FA /* LaunchBodyModel.swift in Sources */,
				1B5A06B728D89AF700F2AC37 /* LaunchesPresenterInteractorInterface.swift in Sources */,
				1B4449E428E975CD002CE6B5 /* Extensions.swift in Sources */,
				1B5C006228E574E0005CFF46 /* CoreDataManagerProtocol.swift in Sources */,
				1B5A06B528D89AF700F2AC37 /* LaunchesPresenterViewInterface.swift in Sources */,
				1B4449E128E9730D002CE6B5 /* LaunchInfoContentRouterInterface.swift in Sources */,
				1B4449DE28E9730D002CE6B5 /* LaunchInfoContentInteractor.swift in Sources */,
				1BDEFA5E28D8642900B887FA /* ResponseLog.swift in Sources */,
				1B5A06BD28D89AF700F2AC37 /* LaunchesRouter.swift in Sources */,
				1B444A0428E9B913002CE6B5 /* BottomSheetContainerViewController.swift in Sources */,
				1BDEFA1828D71BE700B887FA /* AppDelegate.swift in Sources */,
				1BB5E76C28DEE4B10047BF21 /* LaunchDetailsRouterInterface.swift in Sources */,
				1B5A06DC28D8A7A400F2AC37 /* BookmarksInteractorInterface.swift in Sources */,
				1B4449FB28E988AD002CE6B5 /* LaunchDetailsInfoPresenterRouterInterface.swift in Sources */,
				1B5A06D528D8A7A400F2AC37 /* BookmarksEntity.swift in Sources */,
				1B5A06DB28D8A7A400F2AC37 /* BookmarksView.swift in Sources */,
				1B4449DF28E9730D002CE6B5 /* LaunchInfoContentInteractorInterface.swift in Sources */,
				1B5A06D828D8A7A400F2AC37 /* BookmarksPresenterRouterInterface.swift in Sources */,
				1B5A06BB28D89AF700F2AC37 /* LaunchesInteractorInterface.swift in Sources */,
				1B5A06B828D89AF700F2AC37 /* LaunchesPresenterRouterInterface.swift in Sources */,
				1B4449DD28E9730D002CE6B5 /* LaunchInfoContentViewInterface.swift in Sources */,
				1B4449F828E988AD002CE6B5 /* LaunchDetailsInfoPresenterViewInterface.swift in Sources */,
				1B444A0028E988AD002CE6B5 /* LaunchDetailsInfoInteractor.swift in Sources */,
				1B5C006428E589B5005CFF46 /* CoreDataLaunch.swift in Sources */,
				1B4449FF28E988AD002CE6B5 /* LaunchDetailsInfoInteractorInterface.swift in Sources */,
				1BDEFA5928D772D300B887FA /* ResponseValidatorProtocol.swift in Sources */,
				1B5A06DD28D8A7A400F2AC37 /* BookmarksInteractor.swift in Sources */,
				1BDEFA1A28D71BE700B887FA /* SceneDelegate.swift in Sources */,
				1BB5E74628D9BA1F0047BF21 /* LaunchState.swift in Sources */,
				1BDEFA6028D8647200B887FA /* URLRequestLoggableProtocol.swift in Sources */,
				1BDEFA4C28D7242600B887FA /* Interfaces.swift in Sources */,
				1B4449FD28E988AD002CE6B5 /* LaunchDetailsInfoViewInterface.swift in Sources */,
				1BB5E76128DEE4B00047BF21 /* LaunchDetailsModule.swift in Sources */,
				1B5A06BE28D89AF700F2AC37 /* LaunchesRouterInterface.swift in Sources */,
				1BB5E76328DEE4B10047BF21 /* LaunchDetailsPresenterInteractorInterface.swift in Sources */,
				1BB5E74428D9B7000047BF21 /* LaunchCell.swift in Sources */,
				1B4449FA28E988AD002CE6B5 /* LaunchDetailsInfoPresenter.swift in Sources */,
				1B5A06C228D8A5AE00F2AC37 /* TabBarController.swift in Sources */,
				1B4449F928E988AD002CE6B5 /* LaunchDetailsInfoPresenterInteractorInterface.swift in Sources */,
				1BDEFA5728D772B700B887FA /* ResponseValidator.swift in Sources */,
				1BDEFA5B28D8623500B887FA /* RequestManagerProtocol.swift in Sources */,
			);
			runOnlyForDeploymentPostprocessing = 0;
		};
		1BDEFA2928D71BE900B887FA /* Sources */ = {
			isa = PBXSourcesBuildPhase;
			buildActionMask = 2147483647;
			files = (
				1BDEFA3228D71BE900B887FA /* SpaceXRocketsTests.swift in Sources */,
			);
			runOnlyForDeploymentPostprocessing = 0;
		};
		1BDEFA3328D71BE900B887FA /* Sources */ = {
			isa = PBXSourcesBuildPhase;
			buildActionMask = 2147483647;
			files = (
				1BDEFA3E28D71BE900B887FA /* SpaceXRocketsUITestsLaunchTests.swift in Sources */,
				1BDEFA3C28D71BE900B887FA /* SpaceXRocketsUITests.swift in Sources */,
			);
			runOnlyForDeploymentPostprocessing = 0;
		};
/* End PBXSourcesBuildPhase section */

/* Begin PBXTargetDependency section */
		1BDEFA2F28D71BE900B887FA /* PBXTargetDependency */ = {
			isa = PBXTargetDependency;
			target = 1BDEFA1328D71BE700B887FA /* SpaceXRockets */;
			targetProxy = 1BDEFA2E28D71BE900B887FA /* PBXContainerItemProxy */;
		};
		1BDEFA3928D71BE900B887FA /* PBXTargetDependency */ = {
			isa = PBXTargetDependency;
			target = 1BDEFA1328D71BE700B887FA /* SpaceXRockets */;
			targetProxy = 1BDEFA3828D71BE900B887FA /* PBXContainerItemProxy */;
		};
/* End PBXTargetDependency section */

/* Begin PBXVariantGroup section */
		1BDEFA2528D71BE900B887FA /* LaunchScreen.storyboard */ = {
			isa = PBXVariantGroup;
			children = (
				1BDEFA2628D71BE900B887FA /* Base */,
			);
			name = LaunchScreen.storyboard;
			sourceTree = "<group>";
		};
/* End PBXVariantGroup section */

/* Begin XCBuildConfiguration section */
		1BDEFA3F28D71BE900B887FA /* Debug */ = {
			isa = XCBuildConfiguration;
			buildSettings = {
				ALWAYS_SEARCH_USER_PATHS = NO;
				CLANG_ANALYZER_NONNULL = YES;
				CLANG_ANALYZER_NUMBER_OBJECT_CONVERSION = YES_AGGRESSIVE;
				CLANG_CXX_LANGUAGE_STANDARD = "gnu++17";
				CLANG_ENABLE_MODULES = YES;
				CLANG_ENABLE_OBJC_ARC = YES;
				CLANG_ENABLE_OBJC_WEAK = YES;
				CLANG_WARN_BLOCK_CAPTURE_AUTORELEASING = YES;
				CLANG_WARN_BOOL_CONVERSION = YES;
				CLANG_WARN_COMMA = YES;
				CLANG_WARN_CONSTANT_CONVERSION = YES;
				CLANG_WARN_DEPRECATED_OBJC_IMPLEMENTATIONS = YES;
				CLANG_WARN_DIRECT_OBJC_ISA_USAGE = YES_ERROR;
				CLANG_WARN_DOCUMENTATION_COMMENTS = YES;
				CLANG_WARN_EMPTY_BODY = YES;
				CLANG_WARN_ENUM_CONVERSION = YES;
				CLANG_WARN_INFINITE_RECURSION = YES;
				CLANG_WARN_INT_CONVERSION = YES;
				CLANG_WARN_NON_LITERAL_NULL_CONVERSION = YES;
				CLANG_WARN_OBJC_IMPLICIT_RETAIN_SELF = YES;
				CLANG_WARN_OBJC_LITERAL_CONVERSION = YES;
				CLANG_WARN_OBJC_ROOT_CLASS = YES_ERROR;
				CLANG_WARN_QUOTED_INCLUDE_IN_FRAMEWORK_HEADER = YES;
				CLANG_WARN_RANGE_LOOP_ANALYSIS = YES;
				CLANG_WARN_STRICT_PROTOTYPES = YES;
				CLANG_WARN_SUSPICIOUS_MOVE = YES;
				CLANG_WARN_UNGUARDED_AVAILABILITY = YES_AGGRESSIVE;
				CLANG_WARN_UNREACHABLE_CODE = YES;
				CLANG_WARN__DUPLICATE_METHOD_MATCH = YES;
				COPY_PHASE_STRIP = NO;
				DEBUG_INFORMATION_FORMAT = dwarf;
				ENABLE_STRICT_OBJC_MSGSEND = YES;
				ENABLE_TESTABILITY = YES;
				GCC_C_LANGUAGE_STANDARD = gnu11;
				GCC_DYNAMIC_NO_PIC = NO;
				GCC_NO_COMMON_BLOCKS = YES;
				GCC_OPTIMIZATION_LEVEL = 0;
				GCC_PREPROCESSOR_DEFINITIONS = (
					"DEBUG=1",
					"$(inherited)",
				);
				GCC_WARN_64_TO_32_BIT_CONVERSION = YES;
				GCC_WARN_ABOUT_RETURN_TYPE = YES_ERROR;
				GCC_WARN_UNDECLARED_SELECTOR = YES;
				GCC_WARN_UNINITIALIZED_AUTOS = YES_AGGRESSIVE;
				GCC_WARN_UNUSED_FUNCTION = YES;
				GCC_WARN_UNUSED_VARIABLE = YES;
				IPHONEOS_DEPLOYMENT_TARGET = 15.5;
				MTL_ENABLE_DEBUG_INFO = INCLUDE_SOURCE;
				MTL_FAST_MATH = YES;
				ONLY_ACTIVE_ARCH = YES;
				SDKROOT = iphoneos;
				SWIFT_ACTIVE_COMPILATION_CONDITIONS = DEBUG;
				SWIFT_OPTIMIZATION_LEVEL = "-Onone";
			};
			name = Debug;
		};
		1BDEFA4028D71BE900B887FA /* Release */ = {
			isa = XCBuildConfiguration;
			buildSettings = {
				ALWAYS_SEARCH_USER_PATHS = NO;
				CLANG_ANALYZER_NONNULL = YES;
				CLANG_ANALYZER_NUMBER_OBJECT_CONVERSION = YES_AGGRESSIVE;
				CLANG_CXX_LANGUAGE_STANDARD = "gnu++17";
				CLANG_ENABLE_MODULES = YES;
				CLANG_ENABLE_OBJC_ARC = YES;
				CLANG_ENABLE_OBJC_WEAK = YES;
				CLANG_WARN_BLOCK_CAPTURE_AUTORELEASING = YES;
				CLANG_WARN_BOOL_CONVERSION = YES;
				CLANG_WARN_COMMA = YES;
				CLANG_WARN_CONSTANT_CONVERSION = YES;
				CLANG_WARN_DEPRECATED_OBJC_IMPLEMENTATIONS = YES;
				CLANG_WARN_DIRECT_OBJC_ISA_USAGE = YES_ERROR;
				CLANG_WARN_DOCUMENTATION_COMMENTS = YES;
				CLANG_WARN_EMPTY_BODY = YES;
				CLANG_WARN_ENUM_CONVERSION = YES;
				CLANG_WARN_INFINITE_RECURSION = YES;
				CLANG_WARN_INT_CONVERSION = YES;
				CLANG_WARN_NON_LITERAL_NULL_CONVERSION = YES;
				CLANG_WARN_OBJC_IMPLICIT_RETAIN_SELF = YES;
				CLANG_WARN_OBJC_LITERAL_CONVERSION = YES;
				CLANG_WARN_OBJC_ROOT_CLASS = YES_ERROR;
				CLANG_WARN_QUOTED_INCLUDE_IN_FRAMEWORK_HEADER = YES;
				CLANG_WARN_RANGE_LOOP_ANALYSIS = YES;
				CLANG_WARN_STRICT_PROTOTYPES = YES;
				CLANG_WARN_SUSPICIOUS_MOVE = YES;
				CLANG_WARN_UNGUARDED_AVAILABILITY = YES_AGGRESSIVE;
				CLANG_WARN_UNREACHABLE_CODE = YES;
				CLANG_WARN__DUPLICATE_METHOD_MATCH = YES;
				COPY_PHASE_STRIP = NO;
				DEBUG_INFORMATION_FORMAT = "dwarf-with-dsym";
				ENABLE_NS_ASSERTIONS = NO;
				ENABLE_STRICT_OBJC_MSGSEND = YES;
				GCC_C_LANGUAGE_STANDARD = gnu11;
				GCC_NO_COMMON_BLOCKS = YES;
				GCC_WARN_64_TO_32_BIT_CONVERSION = YES;
				GCC_WARN_ABOUT_RETURN_TYPE = YES_ERROR;
				GCC_WARN_UNDECLARED_SELECTOR = YES;
				GCC_WARN_UNINITIALIZED_AUTOS = YES_AGGRESSIVE;
				GCC_WARN_UNUSED_FUNCTION = YES;
				GCC_WARN_UNUSED_VARIABLE = YES;
				IPHONEOS_DEPLOYMENT_TARGET = 15.5;
				MTL_ENABLE_DEBUG_INFO = NO;
				MTL_FAST_MATH = YES;
				SDKROOT = iphoneos;
				SWIFT_COMPILATION_MODE = wholemodule;
				SWIFT_OPTIMIZATION_LEVEL = "-O";
				VALIDATE_PRODUCT = YES;
			};
			name = Release;
		};
		1BDEFA4228D71BE900B887FA /* Debug */ = {
			isa = XCBuildConfiguration;
			baseConfigurationReference = 0BD036433A44AF9F2C634828 /* Pods-SpaceXRockets.debug.xcconfig */;
			buildSettings = {
				ASSETCATALOG_COMPILER_APPICON_NAME = AppIcon;
				ASSETCATALOG_COMPILER_GLOBAL_ACCENT_COLOR_NAME = AccentColor;
				CODE_SIGN_STYLE = Automatic;
				CURRENT_PROJECT_VERSION = 1;
				DEVELOPMENT_TEAM = X289J5G5DP;
				GENERATE_INFOPLIST_FILE = YES;
				INFOPLIST_FILE = "$(SRCROOT)/SpaceXRockets/Supporting Files/Info.plist";
				INFOPLIST_KEY_UIApplicationSupportsIndirectInputEvents = YES;
				INFOPLIST_KEY_UILaunchStoryboardName = LaunchScreen;
				INFOPLIST_KEY_UISupportedInterfaceOrientations = UIInterfaceOrientationPortrait;
				INFOPLIST_KEY_UISupportedInterfaceOrientations_iPad = "UIInterfaceOrientationPortrait UIInterfaceOrientationPortraitUpsideDown UIInterfaceOrientationLandscapeLeft UIInterfaceOrientationLandscapeRight";
				INFOPLIST_KEY_UISupportedInterfaceOrientations_iPhone = "UIInterfaceOrientationPortrait UIInterfaceOrientationLandscapeLeft UIInterfaceOrientationLandscapeRight";
				LD_RUNPATH_SEARCH_PATHS = (
					"$(inherited)",
					"@executable_path/Frameworks",
				);
				MARKETING_VERSION = 1.0;
				PRODUCT_BUNDLE_IDENTIFIER = com.SpaceXRockets;
				PRODUCT_NAME = "$(TARGET_NAME)";
				SWIFT_EMIT_LOC_STRINGS = YES;
				SWIFT_VERSION = 5.0;
				TARGETED_DEVICE_FAMILY = 1;
			};
			name = Debug;
		};
		1BDEFA4328D71BE900B887FA /* Release */ = {
			isa = XCBuildConfiguration;
			baseConfigurationReference = F0E307D6000562B858503977 /* Pods-SpaceXRockets.release.xcconfig */;
			buildSettings = {
				ASSETCATALOG_COMPILER_APPICON_NAME = AppIcon;
				ASSETCATALOG_COMPILER_GLOBAL_ACCENT_COLOR_NAME = AccentColor;
				CODE_SIGN_STYLE = Automatic;
				CURRENT_PROJECT_VERSION = 1;
				DEVELOPMENT_TEAM = X289J5G5DP;
				GENERATE_INFOPLIST_FILE = YES;
				INFOPLIST_FILE = "$(SRCROOT)/SpaceXRockets/Supporting Files/Info.plist";
				INFOPLIST_KEY_UIApplicationSupportsIndirectInputEvents = YES;
				INFOPLIST_KEY_UILaunchStoryboardName = LaunchScreen;
				INFOPLIST_KEY_UISupportedInterfaceOrientations = UIInterfaceOrientationPortrait;
				INFOPLIST_KEY_UISupportedInterfaceOrientations_iPad = "UIInterfaceOrientationPortrait UIInterfaceOrientationPortraitUpsideDown UIInterfaceOrientationLandscapeLeft UIInterfaceOrientationLandscapeRight";
				INFOPLIST_KEY_UISupportedInterfaceOrientations_iPhone = "UIInterfaceOrientationPortrait UIInterfaceOrientationLandscapeLeft UIInterfaceOrientationLandscapeRight";
				LD_RUNPATH_SEARCH_PATHS = (
					"$(inherited)",
					"@executable_path/Frameworks",
				);
				MARKETING_VERSION = 1.0;
				PRODUCT_BUNDLE_IDENTIFIER = com.SpaceXRockets;
				PRODUCT_NAME = "$(TARGET_NAME)";
				SWIFT_EMIT_LOC_STRINGS = YES;
				SWIFT_VERSION = 5.0;
				TARGETED_DEVICE_FAMILY = 1;
			};
			name = Release;
		};
		1BDEFA4528D71BE900B887FA /* Debug */ = {
			isa = XCBuildConfiguration;
			baseConfigurationReference = 436ECDAC919BCF553BB6EBCA /* Pods-SpaceXRocketsTests.debug.xcconfig */;
			buildSettings = {
				ALWAYS_EMBED_SWIFT_STANDARD_LIBRARIES = YES;
				BUNDLE_LOADER = "$(TEST_HOST)";
				CODE_SIGN_STYLE = Automatic;
				CURRENT_PROJECT_VERSION = 1;
				GENERATE_INFOPLIST_FILE = YES;
				IPHONEOS_DEPLOYMENT_TARGET = 15.5;
				MARKETING_VERSION = 1.0;
				PRODUCT_BUNDLE_IDENTIFIER = com.SpaceXRocketsTests;
				PRODUCT_NAME = "$(TARGET_NAME)";
				SWIFT_EMIT_LOC_STRINGS = NO;
				SWIFT_VERSION = 5.0;
				TARGETED_DEVICE_FAMILY = "1,2";
				TEST_HOST = "$(BUILT_PRODUCTS_DIR)/SpaceXRockets.app/SpaceXRockets";
			};
			name = Debug;
		};
		1BDEFA4628D71BE900B887FA /* Release */ = {
			isa = XCBuildConfiguration;
			baseConfigurationReference = 63200698F0F4C7BFA2A88253 /* Pods-SpaceXRocketsTests.release.xcconfig */;
			buildSettings = {
				ALWAYS_EMBED_SWIFT_STANDARD_LIBRARIES = YES;
				BUNDLE_LOADER = "$(TEST_HOST)";
				CODE_SIGN_STYLE = Automatic;
				CURRENT_PROJECT_VERSION = 1;
				GENERATE_INFOPLIST_FILE = YES;
				IPHONEOS_DEPLOYMENT_TARGET = 15.5;
				MARKETING_VERSION = 1.0;
				PRODUCT_BUNDLE_IDENTIFIER = com.SpaceXRocketsTests;
				PRODUCT_NAME = "$(TARGET_NAME)";
				SWIFT_EMIT_LOC_STRINGS = NO;
				SWIFT_VERSION = 5.0;
				TARGETED_DEVICE_FAMILY = "1,2";
				TEST_HOST = "$(BUILT_PRODUCTS_DIR)/SpaceXRockets.app/SpaceXRockets";
			};
			name = Release;
		};
		1BDEFA4828D71BE900B887FA /* Debug */ = {
			isa = XCBuildConfiguration;
			baseConfigurationReference = 0B3B221626C69D0ED558CEE9 /* Pods-SpaceXRockets-SpaceXRocketsUITests.debug.xcconfig */;
			buildSettings = {
				ALWAYS_EMBED_SWIFT_STANDARD_LIBRARIES = YES;
				CODE_SIGN_STYLE = Automatic;
				CURRENT_PROJECT_VERSION = 1;
				GENERATE_INFOPLIST_FILE = YES;
				MARKETING_VERSION = 1.0;
				PRODUCT_BUNDLE_IDENTIFIER = com.SpaceXRocketsUITests;
				PRODUCT_NAME = "$(TARGET_NAME)";
				SWIFT_EMIT_LOC_STRINGS = NO;
				SWIFT_VERSION = 5.0;
				TARGETED_DEVICE_FAMILY = "1,2";
				TEST_TARGET_NAME = SpaceXRockets;
			};
			name = Debug;
		};
		1BDEFA4928D71BE900B887FA /* Release */ = {
			isa = XCBuildConfiguration;
			baseConfigurationReference = 0BDCE7946BA70B92ED7A53B4 /* Pods-SpaceXRockets-SpaceXRocketsUITests.release.xcconfig */;
			buildSettings = {
				ALWAYS_EMBED_SWIFT_STANDARD_LIBRARIES = YES;
				CODE_SIGN_STYLE = Automatic;
				CURRENT_PROJECT_VERSION = 1;
				GENERATE_INFOPLIST_FILE = YES;
				MARKETING_VERSION = 1.0;
				PRODUCT_BUNDLE_IDENTIFIER = com.SpaceXRocketsUITests;
				PRODUCT_NAME = "$(TARGET_NAME)";
				SWIFT_EMIT_LOC_STRINGS = NO;
				SWIFT_VERSION = 5.0;
				TARGETED_DEVICE_FAMILY = "1,2";
				TEST_TARGET_NAME = SpaceXRockets;
			};
			name = Release;
		};
/* End XCBuildConfiguration section */

/* Begin XCConfigurationList section */
		1BDEFA0F28D71BE700B887FA /* Build configuration list for PBXProject "SpaceXRockets" */ = {
			isa = XCConfigurationList;
			buildConfigurations = (
				1BDEFA3F28D71BE900B887FA /* Debug */,
				1BDEFA4028D71BE900B887FA /* Release */,
			);
			defaultConfigurationIsVisible = 0;
			defaultConfigurationName = Release;
		};
		1BDEFA4128D71BE900B887FA /* Build configuration list for PBXNativeTarget "SpaceXRockets" */ = {
			isa = XCConfigurationList;
			buildConfigurations = (
				1BDEFA4228D71BE900B887FA /* Debug */,
				1BDEFA4328D71BE900B887FA /* Release */,
			);
			defaultConfigurationIsVisible = 0;
			defaultConfigurationName = Release;
		};
		1BDEFA4428D71BE900B887FA /* Build configuration list for PBXNativeTarget "SpaceXRocketsTests" */ = {
			isa = XCConfigurationList;
			buildConfigurations = (
				1BDEFA4528D71BE900B887FA /* Debug */,
				1BDEFA4628D71BE900B887FA /* Release */,
			);
			defaultConfigurationIsVisible = 0;
			defaultConfigurationName = Release;
		};
		1BDEFA4728D71BE900B887FA /* Build configuration list for PBXNativeTarget "SpaceXRocketsUITests" */ = {
			isa = XCConfigurationList;
			buildConfigurations = (
				1BDEFA4828D71BE900B887FA /* Debug */,
				1BDEFA4928D71BE900B887FA /* Release */,
			);
			defaultConfigurationIsVisible = 0;
			defaultConfigurationName = Release;
		};
/* End XCConfigurationList section */

/* Begin XCVersionGroup section */
		1BDEFA2028D71BE700B887FA /* SpaceXRockets.xcdatamodeld */ = {
			isa = XCVersionGroup;
			children = (
				1BDEFA2128D71BE700B887FA /* SpaceXRockets.xcdatamodel */,
			);
			currentVersion = 1BDEFA2128D71BE700B887FA /* SpaceXRockets.xcdatamodel */;
			path = SpaceXRockets.xcdatamodeld;
			sourceTree = "<group>";
			versionGroupType = wrapper.xcdatamodel;
		};
/* End XCVersionGroup section */
	};
	rootObject = 1BDEFA0C28D71BE700B887FA /* Project object */;
}
